// !$*UTF8*$!
{
	archiveVersion = 1;
	classes = {
	};
	objectVersion = 50;
	objects = {

/* Begin PBXBuildFile section */
		B8AD336D22A9A20D004B51B8 /* HomeDefaultViewModelTests.swift in Sources */ = {isa = PBXBuildFile; fileRef = B8AD336C22A9A20D004B51B8 /* HomeDefaultViewModelTests.swift */; };
		B8AD336E22A9A357004B51B8 /* HomeViewModel.swift in Sources */ = {isa = PBXBuildFile; fileRef = B8CEF5A322A8440C0025619F /* HomeViewModel.swift */; };
		B8AD336F22A9A36B004B51B8 /* HomeDefaultViewModel.swift in Sources */ = {isa = PBXBuildFile; fileRef = B8CEF5A522A8441D0025619F /* HomeDefaultViewModel.swift */; };
		B8AD337122A9A38A004B51B8 /* MockVenuesModel.swift in Sources */ = {isa = PBXBuildFile; fileRef = B8AD337022A9A38A004B51B8 /* MockVenuesModel.swift */; };
		B8AD337222A9A951004B51B8 /* VenueAnnotation.swift in Sources */ = {isa = PBXBuildFile; fileRef = B8CEF5AE22A859380025619F /* VenueAnnotation.swift */; };
		B8AD337622A9AC9E004B51B8 /* VenueDetailEndpoint.swift in Sources */ = {isa = PBXBuildFile; fileRef = B8AD337522A9AC9E004B51B8 /* VenueDetailEndpoint.swift */; };
		B8AD337A22A9B265004B51B8 /* VenueDetailModel.swift in Sources */ = {isa = PBXBuildFile; fileRef = B8AD337922A9B265004B51B8 /* VenueDetailModel.swift */; };
		B8AD337C22A9B3A3004B51B8 /* VenueDetailDefaultModel.swift in Sources */ = {isa = PBXBuildFile; fileRef = B8AD337B22A9B3A3004B51B8 /* VenueDetailDefaultModel.swift */; };
		B8AD337E22A9B4CE004B51B8 /* HttpRequestSpec+FoursquareExtension.swift in Sources */ = {isa = PBXBuildFile; fileRef = B8AD337D22A9B4CE004B51B8 /* HttpRequestSpec+FoursquareExtension.swift */; };
		B8AD337F22A9B4CE004B51B8 /* HttpRequestSpec+FoursquareExtension.swift in Sources */ = {isa = PBXBuildFile; fileRef = B8AD337D22A9B4CE004B51B8 /* HttpRequestSpec+FoursquareExtension.swift */; };
		B8AD338222A9B577004B51B8 /* Venue.swift in Sources */ = {isa = PBXBuildFile; fileRef = B8AD338122A9B577004B51B8 /* Venue.swift */; };
		B8AD338322A9B577004B51B8 /* Venue.swift in Sources */ = {isa = PBXBuildFile; fileRef = B8AD338122A9B577004B51B8 /* Venue.swift */; };
		B8AD338722A9B903004B51B8 /* VenueDetailDefaultModelTests.swift in Sources */ = {isa = PBXBuildFile; fileRef = B8AD338622A9B903004B51B8 /* VenueDetailDefaultModelTests.swift */; };
		B8AD338822A9BA28004B51B8 /* VenueDetailDefaultModel.swift in Sources */ = {isa = PBXBuildFile; fileRef = B8AD337B22A9B3A3004B51B8 /* VenueDetailDefaultModel.swift */; };
		B8AD338922A9BA2E004B51B8 /* VenueDetailModel.swift in Sources */ = {isa = PBXBuildFile; fileRef = B8AD337922A9B265004B51B8 /* VenueDetailModel.swift */; };
		B8AD338A22A9BB31004B51B8 /* VenueDetailEndpoint.swift in Sources */ = {isa = PBXBuildFile; fileRef = B8AD337522A9AC9E004B51B8 /* VenueDetailEndpoint.swift */; };
		B8BFEE5A22A6CDF500BC4EC5 /* AppDelegate.swift in Sources */ = {isa = PBXBuildFile; fileRef = B8BFEE5922A6CDF500BC4EC5 /* AppDelegate.swift */; };
		B8BFEE6122A6CDF600BC4EC5 /* Assets.xcassets in Resources */ = {isa = PBXBuildFile; fileRef = B8BFEE6022A6CDF600BC4EC5 /* Assets.xcassets */; };
		B8BFEE6422A6CDF600BC4EC5 /* LaunchScreen.storyboard in Resources */ = {isa = PBXBuildFile; fileRef = B8BFEE6222A6CDF600BC4EC5 /* LaunchScreen.storyboard */; };
		B8BFEE7A22A6CDF600BC4EC5 /* NearestRestaurantAppUITests.swift in Sources */ = {isa = PBXBuildFile; fileRef = B8BFEE7922A6CDF600BC4EC5 /* NearestRestaurantAppUITests.swift */; };
		B8BFEE9F22A6D2D900BC4EC5 /* Config.swift in Sources */ = {isa = PBXBuildFile; fileRef = B8BFEE9E22A6D2D900BC4EC5 /* Config.swift */; };
		B8BFEEA722A6E10300BC4EC5 /* RxCocoa.framework in Frameworks */ = {isa = PBXBuildFile; fileRef = B8BFEEA422A6E10300BC4EC5 /* RxCocoa.framework */; };
		B8BFEEA822A6E10300BC4EC5 /* RxRelay.framework in Frameworks */ = {isa = PBXBuildFile; fileRef = B8BFEEA522A6E10300BC4EC5 /* RxRelay.framework */; };
		B8BFEEA922A6E10300BC4EC5 /* RxSwift.framework in Frameworks */ = {isa = PBXBuildFile; fileRef = B8BFEEA622A6E10300BC4EC5 /* RxSwift.framework */; };
		B8BFEEAA22A6E11C00BC4EC5 /* RxCocoa.framework in Frameworks */ = {isa = PBXBuildFile; fileRef = B8BFEEA422A6E10300BC4EC5 /* RxCocoa.framework */; };
		B8BFEEAB22A6E11C00BC4EC5 /* RxRelay.framework in Frameworks */ = {isa = PBXBuildFile; fileRef = B8BFEEA522A6E10300BC4EC5 /* RxRelay.framework */; };
		B8BFEEAC22A6E11C00BC4EC5 /* RxSwift.framework in Frameworks */ = {isa = PBXBuildFile; fileRef = B8BFEEA622A6E10300BC4EC5 /* RxSwift.framework */; };
		B8BFEEAF22A6E11C00BC4EC5 /* RxTest.framework in Frameworks */ = {isa = PBXBuildFile; fileRef = B8BFEEAD22A6E11C00BC4EC5 /* RxTest.framework */; };
		B8BFEEB022A6E11C00BC4EC5 /* RxBlocking.framework in Frameworks */ = {isa = PBXBuildFile; fileRef = B8BFEEAE22A6E11C00BC4EC5 /* RxBlocking.framework */; };
		B8BFEEB122A6E13200BC4EC5 /* RxBlocking.framework in Frameworks */ = {isa = PBXBuildFile; fileRef = B8BFEEAE22A6E11C00BC4EC5 /* RxBlocking.framework */; };
		B8BFEEB222A6E13200BC4EC5 /* RxCocoa.framework in Frameworks */ = {isa = PBXBuildFile; fileRef = B8BFEEA422A6E10300BC4EC5 /* RxCocoa.framework */; };
		B8BFEEB322A6E13200BC4EC5 /* RxRelay.framework in Frameworks */ = {isa = PBXBuildFile; fileRef = B8BFEEA522A6E10300BC4EC5 /* RxRelay.framework */; };
		B8BFEEB422A6E13200BC4EC5 /* RxSwift.framework in Frameworks */ = {isa = PBXBuildFile; fileRef = B8BFEEA622A6E10300BC4EC5 /* RxSwift.framework */; };
		B8BFEEB522A6E13200BC4EC5 /* RxTest.framework in Frameworks */ = {isa = PBXBuildFile; fileRef = B8BFEEAD22A6E11C00BC4EC5 /* RxTest.framework */; };
		B8BFEEB922A6E8C500BC4EC5 /* URLSessionStandard.swift in Sources */ = {isa = PBXBuildFile; fileRef = B8BFEEB822A6E8C500BC4EC5 /* URLSessionStandard.swift */; };
		B8BFEEBC22A6E8F900BC4EC5 /* ErrorFactory.swift in Sources */ = {isa = PBXBuildFile; fileRef = B8BFEEBB22A6E8F900BC4EC5 /* ErrorFactory.swift */; };
		B8BFEEBF22A6E94F00BC4EC5 /* CommonError.swift in Sources */ = {isa = PBXBuildFile; fileRef = B8BFEEBE22A6E94F00BC4EC5 /* CommonError.swift */; };
		B8BFEEC122A6E97F00BC4EC5 /* HttpRequestSpec.swift in Sources */ = {isa = PBXBuildFile; fileRef = B8BFEEC022A6E97F00BC4EC5 /* HttpRequestSpec.swift */; };
		B8BFEEC322A6E9B800BC4EC5 /* HttpHandler.swift in Sources */ = {isa = PBXBuildFile; fileRef = B8BFEEC222A6E9B800BC4EC5 /* HttpHandler.swift */; };
		B8BFEEC622A6EA7300BC4EC5 /* HttpHandler+Extension.swift in Sources */ = {isa = PBXBuildFile; fileRef = B8BFEEC522A6EA7300BC4EC5 /* HttpHandler+Extension.swift */; };
		B8BFEEC822A6F10D00BC4EC5 /* FoursquareResponse.swift in Sources */ = {isa = PBXBuildFile; fileRef = B8BFEEC722A6F10D00BC4EC5 /* FoursquareResponse.swift */; };
		B8CEF56522A805CF0025619F /* FakeJsonData.swift in Sources */ = {isa = PBXBuildFile; fileRef = B8CEF56422A805CF0025619F /* FakeJsonData.swift */; };
		B8CEF56922A806390025619F /* StubSessionDataTask.swift in Sources */ = {isa = PBXBuildFile; fileRef = B8CEF56822A806390025619F /* StubSessionDataTask.swift */; };
		B8CEF56B22A806870025619F /* StubURLSession.swift in Sources */ = {isa = PBXBuildFile; fileRef = B8CEF56A22A806870025619F /* StubURLSession.swift */; };
		B8CEF56C22A806980025619F /* ErrorFactory.swift in Sources */ = {isa = PBXBuildFile; fileRef = B8BFEEBB22A6E8F900BC4EC5 /* ErrorFactory.swift */; };
		B8CEF56D22A806AF0025619F /* URLSessionStandard.swift in Sources */ = {isa = PBXBuildFile; fileRef = B8BFEEB822A6E8C500BC4EC5 /* URLSessionStandard.swift */; };
		B8CEF56E22A806F10025619F /* CommonError.swift in Sources */ = {isa = PBXBuildFile; fileRef = B8BFEEBE22A6E94F00BC4EC5 /* CommonError.swift */; };
		B8CEF57022A8073C0025619F /* MockHttpResponse.swift in Sources */ = {isa = PBXBuildFile; fileRef = B8CEF56F22A8073C0025619F /* MockHttpResponse.swift */; };
		B8CEF57422A807AF0025619F /* HttpHandlerTests.swift in Sources */ = {isa = PBXBuildFile; fileRef = B8CEF57322A807AF0025619F /* HttpHandlerTests.swift */; };
		B8CEF57522A808040025619F /* HttpRequestSpec.swift in Sources */ = {isa = PBXBuildFile; fileRef = B8BFEEC022A6E97F00BC4EC5 /* HttpRequestSpec.swift */; };
		B8CEF57622A8080B0025619F /* HttpHandler.swift in Sources */ = {isa = PBXBuildFile; fileRef = B8BFEEC222A6E9B800BC4EC5 /* HttpHandler.swift */; };
		B8CEF57722A808100025619F /* HttpHandler+Extension.swift in Sources */ = {isa = PBXBuildFile; fileRef = B8BFEEC522A6EA7300BC4EC5 /* HttpHandler+Extension.swift */; };
		B8CEF57822A808160025619F /* FoursquareResponse.swift in Sources */ = {isa = PBXBuildFile; fileRef = B8BFEEC722A6F10D00BC4EC5 /* FoursquareResponse.swift */; };
		B8CEF57F22A82F640025619F /* VenuesModel.swift in Sources */ = {isa = PBXBuildFile; fileRef = B8CEF57E22A82F640025619F /* VenuesModel.swift */; };
		B8CEF58122A830110025619F /* VenuesRequest.swift in Sources */ = {isa = PBXBuildFile; fileRef = B8CEF58022A830110025619F /* VenuesRequest.swift */; };
		B8CEF58322A8309C0025619F /* Venues.swift in Sources */ = {isa = PBXBuildFile; fileRef = B8CEF58222A8309C0025619F /* Venues.swift */; };
		B8CEF58722A831010025619F /* VenueLocation.swift in Sources */ = {isa = PBXBuildFile; fileRef = B8CEF58622A831010025619F /* VenueLocation.swift */; };
		B8CEF58922A832770025619F /* VenueCategory.swift in Sources */ = {isa = PBXBuildFile; fileRef = B8CEF58822A832770025619F /* VenueCategory.swift */; };
		B8CEF58B22A832C90025619F /* VenueIcon.swift in Sources */ = {isa = PBXBuildFile; fileRef = B8CEF58A22A832C90025619F /* VenueIcon.swift */; };
		B8CEF58D22A833450025619F /* VenueDetail.swift in Sources */ = {isa = PBXBuildFile; fileRef = B8CEF58C22A833450025619F /* VenueDetail.swift */; };
		B8CEF58F22A833F90025619F /* VenuesDefaultModel.swift in Sources */ = {isa = PBXBuildFile; fileRef = B8CEF58E22A833F90025619F /* VenuesDefaultModel.swift */; };
		B8CEF59222A8345C0025619F /* VenuesEndpoint.swift in Sources */ = {isa = PBXBuildFile; fileRef = B8CEF59122A8345C0025619F /* VenuesEndpoint.swift */; };
		B8CEF59622A8408E0025619F /* VenuesDefaultModelTests.swift in Sources */ = {isa = PBXBuildFile; fileRef = B8CEF59522A8408E0025619F /* VenuesDefaultModelTests.swift */; };
		B8CEF59722A841520025619F /* Venues.swift in Sources */ = {isa = PBXBuildFile; fileRef = B8CEF58222A8309C0025619F /* Venues.swift */; };
		B8CEF59822A841550025619F /* VenuesRequest.swift in Sources */ = {isa = PBXBuildFile; fileRef = B8CEF58022A830110025619F /* VenuesRequest.swift */; };
		B8CEF59922A8415A0025619F /* VenuesEndpoint.swift in Sources */ = {isa = PBXBuildFile; fileRef = B8CEF59122A8345C0025619F /* VenuesEndpoint.swift */; };
		B8CEF59A22A8415D0025619F /* VenueDetail.swift in Sources */ = {isa = PBXBuildFile; fileRef = B8CEF58C22A833450025619F /* VenueDetail.swift */; };
		B8CEF59B22A841600025619F /* VenueIcon.swift in Sources */ = {isa = PBXBuildFile; fileRef = B8CEF58A22A832C90025619F /* VenueIcon.swift */; };
		B8CEF59C22A841630025619F /* VenueCategory.swift in Sources */ = {isa = PBXBuildFile; fileRef = B8CEF58822A832770025619F /* VenueCategory.swift */; };
		B8CEF59D22A841660025619F /* VenueLocation.swift in Sources */ = {isa = PBXBuildFile; fileRef = B8CEF58622A831010025619F /* VenueLocation.swift */; };
		B8CEF59E22A8417B0025619F /* VenuesDefaultModel.swift in Sources */ = {isa = PBXBuildFile; fileRef = B8CEF58E22A833F90025619F /* VenuesDefaultModel.swift */; };
		B8CEF59F22A842AA0025619F /* Config.swift in Sources */ = {isa = PBXBuildFile; fileRef = B8BFEE9E22A6D2D900BC4EC5 /* Config.swift */; };
		B8CEF5A022A842B20025619F /* VenuesModel.swift in Sources */ = {isa = PBXBuildFile; fileRef = B8CEF57E22A82F640025619F /* VenuesModel.swift */; };
		B8CEF5A422A8440C0025619F /* HomeViewModel.swift in Sources */ = {isa = PBXBuildFile; fileRef = B8CEF5A322A8440C0025619F /* HomeViewModel.swift */; };
		B8CEF5A622A8441D0025619F /* HomeDefaultViewModel.swift in Sources */ = {isa = PBXBuildFile; fileRef = B8CEF5A522A8441D0025619F /* HomeDefaultViewModel.swift */; };
		B8CEF5AC22A8545C0025619F /* HomeViewController.swift in Sources */ = {isa = PBXBuildFile; fileRef = B8CEF5AA22A8545C0025619F /* HomeViewController.swift */; };
		B8CEF5AD22A8545C0025619F /* HomeViewController.xib in Resources */ = {isa = PBXBuildFile; fileRef = B8CEF5AB22A8545C0025619F /* HomeViewController.xib */; };
		B8CEF5AF22A859380025619F /* VenueAnnotation.swift in Sources */ = {isa = PBXBuildFile; fileRef = B8CEF5AE22A859380025619F /* VenueAnnotation.swift */; };
		B8CEF5B122A871250025619F /* Rx+MapKitExtension.swift in Sources */ = {isa = PBXBuildFile; fileRef = B8CEF5B022A871250025619F /* Rx+MapKitExtension.swift */; };
		B8CEF5B322A871540025619F /* RxMKMapViewDelegateProxy.swift in Sources */ = {isa = PBXBuildFile; fileRef = B8CEF5B222A871540025619F /* RxMKMapViewDelegateProxy.swift */; };
		B8CEF5B522A8737C0025619F /* AppFlowController.swift in Sources */ = {isa = PBXBuildFile; fileRef = B8CEF5B422A8737C0025619F /* AppFlowController.swift */; };
/* End PBXBuildFile section */

/* Begin PBXContainerItemProxy section */
		B8BFEE6B22A6CDF600BC4EC5 /* PBXContainerItemProxy */ = {
			isa = PBXContainerItemProxy;
			containerPortal = B8BFEE4E22A6CDF500BC4EC5 /* Project object */;
			proxyType = 1;
			remoteGlobalIDString = B8BFEE5522A6CDF500BC4EC5;
			remoteInfo = NearestRestaurantApp;
		};
		B8BFEE7622A6CDF600BC4EC5 /* PBXContainerItemProxy */ = {
			isa = PBXContainerItemProxy;
			containerPortal = B8BFEE4E22A6CDF500BC4EC5 /* Project object */;
			proxyType = 1;
			remoteGlobalIDString = B8BFEE5522A6CDF500BC4EC5;
			remoteInfo = NearestRestaurantApp;
		};
/* End PBXContainerItemProxy section */

/* Begin PBXFileReference section */
		B8AD336C22A9A20D004B51B8 /* HomeDefaultViewModelTests.swift */ = {isa = PBXFileReference; lastKnownFileType = sourcecode.swift; path = HomeDefaultViewModelTests.swift; sourceTree = "<group>"; };
		B8AD337022A9A38A004B51B8 /* MockVenuesModel.swift */ = {isa = PBXFileReference; lastKnownFileType = sourcecode.swift; path = MockVenuesModel.swift; sourceTree = "<group>"; };
		B8AD337522A9AC9E004B51B8 /* VenueDetailEndpoint.swift */ = {isa = PBXFileReference; lastKnownFileType = sourcecode.swift; path = VenueDetailEndpoint.swift; sourceTree = "<group>"; };
		B8AD337922A9B265004B51B8 /* VenueDetailModel.swift */ = {isa = PBXFileReference; lastKnownFileType = sourcecode.swift; path = VenueDetailModel.swift; sourceTree = "<group>"; };
		B8AD337B22A9B3A3004B51B8 /* VenueDetailDefaultModel.swift */ = {isa = PBXFileReference; lastKnownFileType = sourcecode.swift; path = VenueDetailDefaultModel.swift; sourceTree = "<group>"; };
		B8AD337D22A9B4CE004B51B8 /* HttpRequestSpec+FoursquareExtension.swift */ = {isa = PBXFileReference; lastKnownFileType = sourcecode.swift; path = "HttpRequestSpec+FoursquareExtension.swift"; sourceTree = "<group>"; };
		B8AD338122A9B577004B51B8 /* Venue.swift */ = {isa = PBXFileReference; lastKnownFileType = sourcecode.swift; path = Venue.swift; sourceTree = "<group>"; };
		B8AD338622A9B903004B51B8 /* VenueDetailDefaultModelTests.swift */ = {isa = PBXFileReference; lastKnownFileType = sourcecode.swift; path = VenueDetailDefaultModelTests.swift; sourceTree = "<group>"; };
		B8BFEE5622A6CDF500BC4EC5 /* NearestRestaurantApp.app */ = {isa = PBXFileReference; explicitFileType = wrapper.application; includeInIndex = 0; path = NearestRestaurantApp.app; sourceTree = BUILT_PRODUCTS_DIR; };
		B8BFEE5922A6CDF500BC4EC5 /* AppDelegate.swift */ = {isa = PBXFileReference; lastKnownFileType = sourcecode.swift; path = AppDelegate.swift; sourceTree = "<group>"; };
		B8BFEE6022A6CDF600BC4EC5 /* Assets.xcassets */ = {isa = PBXFileReference; lastKnownFileType = folder.assetcatalog; path = Assets.xcassets; sourceTree = "<group>"; };
		B8BFEE6322A6CDF600BC4EC5 /* Base */ = {isa = PBXFileReference; lastKnownFileType = file.storyboard; name = Base; path = Base.lproj/LaunchScreen.storyboard; sourceTree = "<group>"; };
		B8BFEE6522A6CDF600BC4EC5 /* Info.plist */ = {isa = PBXFileReference; lastKnownFileType = text.plist.xml; path = Info.plist; sourceTree = "<group>"; };
		B8BFEE6A22A6CDF600BC4EC5 /* NearestRestaurantAppTests.xctest */ = {isa = PBXFileReference; explicitFileType = wrapper.cfbundle; includeInIndex = 0; path = NearestRestaurantAppTests.xctest; sourceTree = BUILT_PRODUCTS_DIR; };
		B8BFEE7022A6CDF600BC4EC5 /* Info.plist */ = {isa = PBXFileReference; lastKnownFileType = text.plist.xml; path = Info.plist; sourceTree = "<group>"; };
		B8BFEE7522A6CDF600BC4EC5 /* NearestRestaurantAppUITests.xctest */ = {isa = PBXFileReference; explicitFileType = wrapper.cfbundle; includeInIndex = 0; path = NearestRestaurantAppUITests.xctest; sourceTree = BUILT_PRODUCTS_DIR; };
		B8BFEE7922A6CDF600BC4EC5 /* NearestRestaurantAppUITests.swift */ = {isa = PBXFileReference; lastKnownFileType = sourcecode.swift; path = NearestRestaurantAppUITests.swift; sourceTree = "<group>"; };
		B8BFEE7B22A6CDF600BC4EC5 /* Info.plist */ = {isa = PBXFileReference; lastKnownFileType = text.plist.xml; path = Info.plist; sourceTree = "<group>"; };
		B8BFEE9B22A6D28400BC4EC5 /* Development.xcconfig */ = {isa = PBXFileReference; lastKnownFileType = text.xcconfig; path = Development.xcconfig; sourceTree = "<group>"; };
		B8BFEE9C22A6D29200BC4EC5 /* Staging.xcconfig */ = {isa = PBXFileReference; lastKnownFileType = text.xcconfig; path = Staging.xcconfig; sourceTree = "<group>"; };
		B8BFEE9D22A6D29F00BC4EC5 /* Production.xcconfig */ = {isa = PBXFileReference; lastKnownFileType = text.xcconfig; path = Production.xcconfig; sourceTree = "<group>"; };
		B8BFEE9E22A6D2D900BC4EC5 /* Config.swift */ = {isa = PBXFileReference; lastKnownFileType = sourcecode.swift; path = Config.swift; sourceTree = "<group>"; };
		B8BFEEA422A6E10300BC4EC5 /* RxCocoa.framework */ = {isa = PBXFileReference; lastKnownFileType = wrapper.framework; name = RxCocoa.framework; path = Carthage/Build/iOS/RxCocoa.framework; sourceTree = "<group>"; };
		B8BFEEA522A6E10300BC4EC5 /* RxRelay.framework */ = {isa = PBXFileReference; lastKnownFileType = wrapper.framework; name = RxRelay.framework; path = Carthage/Build/iOS/RxRelay.framework; sourceTree = "<group>"; };
		B8BFEEA622A6E10300BC4EC5 /* RxSwift.framework */ = {isa = PBXFileReference; lastKnownFileType = wrapper.framework; name = RxSwift.framework; path = Carthage/Build/iOS/RxSwift.framework; sourceTree = "<group>"; };
		B8BFEEAD22A6E11C00BC4EC5 /* RxTest.framework */ = {isa = PBXFileReference; lastKnownFileType = wrapper.framework; name = RxTest.framework; path = Carthage/Build/iOS/RxTest.framework; sourceTree = "<group>"; };
		B8BFEEAE22A6E11C00BC4EC5 /* RxBlocking.framework */ = {isa = PBXFileReference; lastKnownFileType = wrapper.framework; name = RxBlocking.framework; path = Carthage/Build/iOS/RxBlocking.framework; sourceTree = "<group>"; };
		B8BFEEB822A6E8C500BC4EC5 /* URLSessionStandard.swift */ = {isa = PBXFileReference; lastKnownFileType = sourcecode.swift; path = URLSessionStandard.swift; sourceTree = "<group>"; };
		B8BFEEBB22A6E8F900BC4EC5 /* ErrorFactory.swift */ = {isa = PBXFileReference; lastKnownFileType = sourcecode.swift; path = ErrorFactory.swift; sourceTree = "<group>"; };
		B8BFEEBE22A6E94F00BC4EC5 /* CommonError.swift */ = {isa = PBXFileReference; lastKnownFileType = sourcecode.swift; path = CommonError.swift; sourceTree = "<group>"; };
		B8BFEEC022A6E97F00BC4EC5 /* HttpRequestSpec.swift */ = {isa = PBXFileReference; lastKnownFileType = sourcecode.swift; path = HttpRequestSpec.swift; sourceTree = "<group>"; };
		B8BFEEC222A6E9B800BC4EC5 /* HttpHandler.swift */ = {isa = PBXFileReference; lastKnownFileType = sourcecode.swift; path = HttpHandler.swift; sourceTree = "<group>"; };
		B8BFEEC522A6EA7300BC4EC5 /* HttpHandler+Extension.swift */ = {isa = PBXFileReference; lastKnownFileType = sourcecode.swift; path = "HttpHandler+Extension.swift"; sourceTree = "<group>"; };
		B8BFEEC722A6F10D00BC4EC5 /* FoursquareResponse.swift */ = {isa = PBXFileReference; lastKnownFileType = sourcecode.swift; path = FoursquareResponse.swift; sourceTree = "<group>"; };
		B8CEF56422A805CF0025619F /* FakeJsonData.swift */ = {isa = PBXFileReference; lastKnownFileType = sourcecode.swift; path = FakeJsonData.swift; sourceTree = "<group>"; };
		B8CEF56822A806390025619F /* StubSessionDataTask.swift */ = {isa = PBXFileReference; lastKnownFileType = sourcecode.swift; path = StubSessionDataTask.swift; sourceTree = "<group>"; };
		B8CEF56A22A806870025619F /* StubURLSession.swift */ = {isa = PBXFileReference; lastKnownFileType = sourcecode.swift; path = StubURLSession.swift; sourceTree = "<group>"; };
		B8CEF56F22A8073C0025619F /* MockHttpResponse.swift */ = {isa = PBXFileReference; lastKnownFileType = sourcecode.swift; path = MockHttpResponse.swift; sourceTree = "<group>"; };
		B8CEF57322A807AF0025619F /* HttpHandlerTests.swift */ = {isa = PBXFileReference; lastKnownFileType = sourcecode.swift; path = HttpHandlerTests.swift; sourceTree = "<group>"; };
		B8CEF57E22A82F640025619F /* VenuesModel.swift */ = {isa = PBXFileReference; lastKnownFileType = sourcecode.swift; path = VenuesModel.swift; sourceTree = "<group>"; };
		B8CEF58022A830110025619F /* VenuesRequest.swift */ = {isa = PBXFileReference; lastKnownFileType = sourcecode.swift; path = VenuesRequest.swift; sourceTree = "<group>"; };
		B8CEF58222A8309C0025619F /* Venues.swift */ = {isa = PBXFileReference; lastKnownFileType = sourcecode.swift; path = Venues.swift; sourceTree = "<group>"; };
		B8CEF58622A831010025619F /* VenueLocation.swift */ = {isa = PBXFileReference; lastKnownFileType = sourcecode.swift; path = VenueLocation.swift; sourceTree = "<group>"; };
		B8CEF58822A832770025619F /* VenueCategory.swift */ = {isa = PBXFileReference; lastKnownFileType = sourcecode.swift; path = VenueCategory.swift; sourceTree = "<group>"; };
		B8CEF58A22A832C90025619F /* VenueIcon.swift */ = {isa = PBXFileReference; lastKnownFileType = sourcecode.swift; path = VenueIcon.swift; sourceTree = "<group>"; };
		B8CEF58C22A833450025619F /* VenueDetail.swift */ = {isa = PBXFileReference; lastKnownFileType = sourcecode.swift; path = VenueDetail.swift; sourceTree = "<group>"; };
		B8CEF58E22A833F90025619F /* VenuesDefaultModel.swift */ = {isa = PBXFileReference; lastKnownFileType = sourcecode.swift; path = VenuesDefaultModel.swift; sourceTree = "<group>"; };
		B8CEF59122A8345C0025619F /* VenuesEndpoint.swift */ = {isa = PBXFileReference; lastKnownFileType = sourcecode.swift; path = VenuesEndpoint.swift; sourceTree = "<group>"; };
		B8CEF59522A8408E0025619F /* VenuesDefaultModelTests.swift */ = {isa = PBXFileReference; lastKnownFileType = sourcecode.swift; path = VenuesDefaultModelTests.swift; sourceTree = "<group>"; };
		B8CEF5A322A8440C0025619F /* HomeViewModel.swift */ = {isa = PBXFileReference; lastKnownFileType = sourcecode.swift; path = HomeViewModel.swift; sourceTree = "<group>"; };
		B8CEF5A522A8441D0025619F /* HomeDefaultViewModel.swift */ = {isa = PBXFileReference; lastKnownFileType = sourcecode.swift; path = HomeDefaultViewModel.swift; sourceTree = "<group>"; };
		B8CEF5AA22A8545C0025619F /* HomeViewController.swift */ = {isa = PBXFileReference; lastKnownFileType = sourcecode.swift; path = HomeViewController.swift; sourceTree = "<group>"; };
		B8CEF5AB22A8545C0025619F /* HomeViewController.xib */ = {isa = PBXFileReference; lastKnownFileType = file.xib; path = HomeViewController.xib; sourceTree = "<group>"; };
		B8CEF5AE22A859380025619F /* VenueAnnotation.swift */ = {isa = PBXFileReference; lastKnownFileType = sourcecode.swift; path = VenueAnnotation.swift; sourceTree = "<group>"; };
		B8CEF5B022A871250025619F /* Rx+MapKitExtension.swift */ = {isa = PBXFileReference; lastKnownFileType = sourcecode.swift; path = "Rx+MapKitExtension.swift"; sourceTree = "<group>"; };
		B8CEF5B222A871540025619F /* RxMKMapViewDelegateProxy.swift */ = {isa = PBXFileReference; lastKnownFileType = sourcecode.swift; path = RxMKMapViewDelegateProxy.swift; sourceTree = "<group>"; };
		B8CEF5B422A8737C0025619F /* AppFlowController.swift */ = {isa = PBXFileReference; lastKnownFileType = sourcecode.swift; path = AppFlowController.swift; sourceTree = "<group>"; };
/* End PBXFileReference section */

/* Begin PBXFrameworksBuildPhase section */
		B8BFEE5322A6CDF500BC4EC5 /* Frameworks */ = {
			isa = PBXFrameworksBuildPhase;
			buildActionMask = 2147483647;
			files = (
				B8BFEEA722A6E10300BC4EC5 /* RxCocoa.framework in Frameworks */,
				B8BFEEA822A6E10300BC4EC5 /* RxRelay.framework in Frameworks */,
				B8BFEEA922A6E10300BC4EC5 /* RxSwift.framework in Frameworks */,
			);
			runOnlyForDeploymentPostprocessing = 0;
		};
		B8BFEE6722A6CDF600BC4EC5 /* Frameworks */ = {
			isa = PBXFrameworksBuildPhase;
			buildActionMask = 2147483647;
			files = (
				B8BFEEAF22A6E11C00BC4EC5 /* RxTest.framework in Frameworks */,
				B8BFEEB022A6E11C00BC4EC5 /* RxBlocking.framework in Frameworks */,
				B8BFEEAA22A6E11C00BC4EC5 /* RxCocoa.framework in Frameworks */,
				B8BFEEAB22A6E11C00BC4EC5 /* RxRelay.framework in Frameworks */,
				B8BFEEAC22A6E11C00BC4EC5 /* RxSwift.framework in Frameworks */,
			);
			runOnlyForDeploymentPostprocessing = 0;
		};
		B8BFEE7222A6CDF600BC4EC5 /* Frameworks */ = {
			isa = PBXFrameworksBuildPhase;
			buildActionMask = 2147483647;
			files = (
				B8BFEEB122A6E13200BC4EC5 /* RxBlocking.framework in Frameworks */,
				B8BFEEB222A6E13200BC4EC5 /* RxCocoa.framework in Frameworks */,
				B8BFEEB322A6E13200BC4EC5 /* RxRelay.framework in Frameworks */,
				B8BFEEB422A6E13200BC4EC5 /* RxSwift.framework in Frameworks */,
				B8BFEEB522A6E13200BC4EC5 /* RxTest.framework in Frameworks */,
			);
			runOnlyForDeploymentPostprocessing = 0;
		};
/* End PBXFrameworksBuildPhase section */

/* Begin PBXGroup section */
		B8AD336A22A9A1D8004B51B8 /* Home */ = {
			isa = PBXGroup;
			children = (
				B8CEF59422A840730025619F /* Models */,
				B8AD336B22A9A1F2004B51B8 /* ViewModels */,
			);
			path = Home;
			sourceTree = "<group>";
		};
		B8AD336B22A9A1F2004B51B8 /* ViewModels */ = {
			isa = PBXGroup;
			children = (
				B8AD336C22A9A20D004B51B8 /* HomeDefaultViewModelTests.swift */,
			);
			path = ViewModels;
			sourceTree = "<group>";
		};
		B8AD337322A9AC67004B51B8 /* Detail */ = {
			isa = PBXGroup;
			children = (
				B8AD337422A9AC84004B51B8 /* Endpoints */,
				B8AD338022A9B557004B51B8 /* Entities */,
				B8AD337722A9B243004B51B8 /* Models */,
			);
			path = Detail;
			sourceTree = "<group>";
		};
		B8AD337422A9AC84004B51B8 /* Endpoints */ = {
			isa = PBXGroup;
			children = (
				B8AD337522A9AC9E004B51B8 /* VenueDetailEndpoint.swift */,
			);
			path = Endpoints;
			sourceTree = "<group>";
		};
		B8AD337722A9B243004B51B8 /* Models */ = {
			isa = PBXGroup;
			children = (
				B8AD337822A9B255004B51B8 /* Protocols */,
				B8AD337B22A9B3A3004B51B8 /* VenueDetailDefaultModel.swift */,
			);
			path = Models;
			sourceTree = "<group>";
		};
		B8AD337822A9B255004B51B8 /* Protocols */ = {
			isa = PBXGroup;
			children = (
				B8AD337922A9B265004B51B8 /* VenueDetailModel.swift */,
			);
			path = Protocols;
			sourceTree = "<group>";
		};
		B8AD338022A9B557004B51B8 /* Entities */ = {
			isa = PBXGroup;
			children = (
				B8AD338122A9B577004B51B8 /* Venue.swift */,
			);
			path = Entities;
			sourceTree = "<group>";
		};
		B8AD338422A9B8E3004B51B8 /* Detail */ = {
			isa = PBXGroup;
			children = (
				B8AD338522A9B8F3004B51B8 /* Models */,
			);
			path = Detail;
			sourceTree = "<group>";
		};
		B8AD338522A9B8F3004B51B8 /* Models */ = {
			isa = PBXGroup;
			children = (
				B8AD338622A9B903004B51B8 /* VenueDetailDefaultModelTests.swift */,
			);
			path = Models;
			sourceTree = "<group>";
		};
		B8BFEE4D22A6CDF500BC4EC5 = {
			isa = PBXGroup;
			children = (
				B8BFEE5822A6CDF500BC4EC5 /* NearestRestaurantApp */,
				B8BFEE6D22A6CDF600BC4EC5 /* NearestRestaurantAppTests */,
				B8BFEE7822A6CDF600BC4EC5 /* NearestRestaurantAppUITests */,
				B8BFEE5722A6CDF500BC4EC5 /* Products */,
				B8BFEEA322A6E10200BC4EC5 /* Frameworks */,
			);
			sourceTree = "<group>";
		};
		B8BFEE5722A6CDF500BC4EC5 /* Products */ = {
			isa = PBXGroup;
			children = (
				B8BFEE5622A6CDF500BC4EC5 /* NearestRestaurantApp.app */,
				B8BFEE6A22A6CDF600BC4EC5 /* NearestRestaurantAppTests.xctest */,
				B8BFEE7522A6CDF600BC4EC5 /* NearestRestaurantAppUITests.xctest */,
			);
			name = Products;
			sourceTree = "<group>";
		};
		B8BFEE5822A6CDF500BC4EC5 /* NearestRestaurantApp */ = {
			isa = PBXGroup;
			children = (
				B8CEF57922A82ECA0025619F /* App */,
				B8BFEEB622A6E82900BC4EC5 /* Utilities */,
				B8BFEE8722A6CE2A00BC4EC5 /* Supporting Files */,
				B8BFEE5922A6CDF500BC4EC5 /* AppDelegate.swift */,
			);
			path = NearestRestaurantApp;
			sourceTree = "<group>";
		};
		B8BFEE6D22A6CDF600BC4EC5 /* NearestRestaurantAppTests */ = {
			isa = PBXGroup;
			children = (
				B8CEF57122A8077C0025619F /* TestCases */,
				B8BFEE8822A6CE5400BC4EC5 /* Supporting Files */,
			);
			path = NearestRestaurantAppTests;
			sourceTree = "<group>";
		};
		B8BFEE7822A6CDF600BC4EC5 /* NearestRestaurantAppUITests */ = {
			isa = PBXGroup;
			children = (
				B8BFEE8922A6CE6400BC4EC5 /* Supporting Files */,
				B8BFEE7922A6CDF600BC4EC5 /* NearestRestaurantAppUITests.swift */,
			);
			path = NearestRestaurantAppUITests;
			sourceTree = "<group>";
		};
		B8BFEE8722A6CE2A00BC4EC5 /* Supporting Files */ = {
			isa = PBXGroup;
			children = (
				B8BFEE9A22A6D25100BC4EC5 /* Configs */,
				B8BFEE6022A6CDF600BC4EC5 /* Assets.xcassets */,
				B8BFEE6222A6CDF600BC4EC5 /* LaunchScreen.storyboard */,
				B8BFEE6522A6CDF600BC4EC5 /* Info.plist */,
			);
			path = "Supporting Files";
			sourceTree = "<group>";
		};
		B8BFEE8822A6CE5400BC4EC5 /* Supporting Files */ = {
			isa = PBXGroup;
			children = (
				B8CEF56722A805EF0025619F /* Stubs */,
				B8CEF56622A805E90025619F /* Mocks */,
				B8CEF56322A805C10025619F /* Fakes */,
				B8BFEE7022A6CDF600BC4EC5 /* Info.plist */,
			);
			path = "Supporting Files";
			sourceTree = "<group>";
		};
		B8BFEE8922A6CE6400BC4EC5 /* Supporting Files */ = {
			isa = PBXGroup;
			children = (
				B8BFEE7B22A6CDF600BC4EC5 /* Info.plist */,
			);
			path = "Supporting Files";
			sourceTree = "<group>";
		};
		B8BFEE9A22A6D25100BC4EC5 /* Configs */ = {
			isa = PBXGroup;
			children = (
				B8BFEE9E22A6D2D900BC4EC5 /* Config.swift */,
				B8BFEE9B22A6D28400BC4EC5 /* Development.xcconfig */,
				B8BFEE9C22A6D29200BC4EC5 /* Staging.xcconfig */,
				B8BFEE9D22A6D29F00BC4EC5 /* Production.xcconfig */,
			);
			path = Configs;
			sourceTree = "<group>";
		};
		B8BFEEA322A6E10200BC4EC5 /* Frameworks */ = {
			isa = PBXGroup;
			children = (
				B8BFEEAE22A6E11C00BC4EC5 /* RxBlocking.framework */,
				B8BFEEAD22A6E11C00BC4EC5 /* RxTest.framework */,
				B8BFEEA422A6E10300BC4EC5 /* RxCocoa.framework */,
				B8BFEEA522A6E10300BC4EC5 /* RxRelay.framework */,
				B8BFEEA622A6E10300BC4EC5 /* RxSwift.framework */,
			);
			name = Frameworks;
			sourceTree = "<group>";
		};
		B8BFEEB622A6E82900BC4EC5 /* Utilities */ = {
			isa = PBXGroup;
			children = (
				B8BFEEC422A6EA4000BC4EC5 /* Extensions */,
				B8BFEEBD22A6E93700BC4EC5 /* Entities */,
				B8BFEEBA22A6E8EC00BC4EC5 /* Factories */,
				B8BFEEB722A6E8B800BC4EC5 /* Protocols */,
				B8BFEEC222A6E9B800BC4EC5 /* HttpHandler.swift */,
				B8CEF5B222A871540025619F /* RxMKMapViewDelegateProxy.swift */,
			);
			path = Utilities;
			sourceTree = "<group>";
		};
		B8BFEEB722A6E8B800BC4EC5 /* Protocols */ = {
			isa = PBXGroup;
			children = (
				B8BFEEB822A6E8C500BC4EC5 /* URLSessionStandard.swift */,
			);
			path = Protocols;
			sourceTree = "<group>";
		};
		B8BFEEBA22A6E8EC00BC4EC5 /* Factories */ = {
			isa = PBXGroup;
			children = (
				B8BFEEBB22A6E8F900BC4EC5 /* ErrorFactory.swift */,
			);
			path = Factories;
			sourceTree = "<group>";
		};
		B8BFEEBD22A6E93700BC4EC5 /* Entities */ = {
			isa = PBXGroup;
			children = (
				B8BFEEBE22A6E94F00BC4EC5 /* CommonError.swift */,
				B8BFEEC022A6E97F00BC4EC5 /* HttpRequestSpec.swift */,
				B8BFEEC722A6F10D00BC4EC5 /* FoursquareResponse.swift */,
			);
			path = Entities;
			sourceTree = "<group>";
		};
		B8BFEEC422A6EA4000BC4EC5 /* Extensions */ = {
			isa = PBXGroup;
			children = (
				B8BFEEC522A6EA7300BC4EC5 /* HttpHandler+Extension.swift */,
				B8CEF5B022A871250025619F /* Rx+MapKitExtension.swift */,
				B8AD337D22A9B4CE004B51B8 /* HttpRequestSpec+FoursquareExtension.swift */,
			);
			path = Extensions;
			sourceTree = "<group>";
		};
		B8CEF56322A805C10025619F /* Fakes */ = {
			isa = PBXGroup;
			children = (
				B8CEF56422A805CF0025619F /* FakeJsonData.swift */,
			);
			path = Fakes;
			sourceTree = "<group>";
		};
		B8CEF56622A805E90025619F /* Mocks */ = {
			isa = PBXGroup;
			children = (
				B8CEF56F22A8073C0025619F /* MockHttpResponse.swift */,
				B8AD337022A9A38A004B51B8 /* MockVenuesModel.swift */,
			);
			path = Mocks;
			sourceTree = "<group>";
		};
		B8CEF56722A805EF0025619F /* Stubs */ = {
			isa = PBXGroup;
			children = (
				B8CEF56822A806390025619F /* StubSessionDataTask.swift */,
				B8CEF56A22A806870025619F /* StubURLSession.swift */,
			);
			path = Stubs;
			sourceTree = "<group>";
		};
		B8CEF57122A8077C0025619F /* TestCases */ = {
			isa = PBXGroup;
			children = (
				B8CEF59322A8405E0025619F /* App */,
				B8CEF57222A807840025619F /* Utilities */,
			);
			path = TestCases;
			sourceTree = "<group>";
		};
		B8CEF57222A807840025619F /* Utilities */ = {
			isa = PBXGroup;
			children = (
				B8CEF57322A807AF0025619F /* HttpHandlerTests.swift */,
			);
			path = Utilities;
			sourceTree = "<group>";
		};
		B8CEF57922A82ECA0025619F /* App */ = {
			isa = PBXGroup;
			children = (
				B8CEF58422A830E90025619F /* General */,
				B8CEF57A22A82EE80025619F /* Home */,
				B8AD337322A9AC67004B51B8 /* Detail */,
				B8CEF5B422A8737C0025619F /* AppFlowController.swift */,
			);
			path = App;
			sourceTree = "<group>";
		};
		B8CEF57A22A82EE80025619F /* Home */ = {
			isa = PBXGroup;
			children = (
				B8CEF59022A834460025619F /* Endpoints */,
				B8CEF57C22A82F290025619F /* Entities */,
				B8CEF57B22A82F1D0025619F /* Models */,
				B8CEF5A122A843D20025619F /* ViewModels */,
				B8CEF5A722A854210025619F /* ViewControllers */,
			);
			path = Home;
			sourceTree = "<group>";
		};
		B8CEF57B22A82F1D0025619F /* Models */ = {
			isa = PBXGroup;
			children = (
				B8CEF57D22A82F340025619F /* Protocols */,
				B8CEF58E22A833F90025619F /* VenuesDefaultModel.swift */,
			);
			path = Models;
			sourceTree = "<group>";
		};
		B8CEF57C22A82F290025619F /* Entities */ = {
			isa = PBXGroup;
			children = (
				B8CEF58022A830110025619F /* VenuesRequest.swift */,
				B8CEF58222A8309C0025619F /* Venues.swift */,
				B8CEF5AE22A859380025619F /* VenueAnnotation.swift */,
			);
			path = Entities;
			sourceTree = "<group>";
		};
		B8CEF57D22A82F340025619F /* Protocols */ = {
			isa = PBXGroup;
			children = (
				B8CEF57E22A82F640025619F /* VenuesModel.swift */,
			);
			path = Protocols;
			sourceTree = "<group>";
		};
		B8CEF58422A830E90025619F /* General */ = {
			isa = PBXGroup;
			children = (
				B8CEF58522A830F10025619F /* Entities */,
			);
			path = General;
			sourceTree = "<group>";
		};
		B8CEF58522A830F10025619F /* Entities */ = {
			isa = PBXGroup;
			children = (
				B8CEF58622A831010025619F /* VenueLocation.swift */,
				B8CEF58822A832770025619F /* VenueCategory.swift */,
				B8CEF58A22A832C90025619F /* VenueIcon.swift */,
				B8CEF58C22A833450025619F /* VenueDetail.swift */,
			);
			path = Entities;
			sourceTree = "<group>";
		};
		B8CEF59022A834460025619F /* Endpoints */ = {
			isa = PBXGroup;
			children = (
				B8CEF59122A8345C0025619F /* VenuesEndpoint.swift */,
			);
			path = Endpoints;
			sourceTree = "<group>";
		};
		B8CEF59322A8405E0025619F /* App */ = {
			isa = PBXGroup;
			children = (
				B8AD336A22A9A1D8004B51B8 /* Home */,
				B8AD338422A9B8E3004B51B8 /* Detail */,
			);
			path = App;
			sourceTree = "<group>";
		};
		B8CEF59422A840730025619F /* Models */ = {
			isa = PBXGroup;
			children = (
				B8CEF59522A8408E0025619F /* VenuesDefaultModelTests.swift */,
			);
			path = Models;
			sourceTree = "<group>";
		};
		B8CEF5A122A843D20025619F /* ViewModels */ = {
			isa = PBXGroup;
			children = (
				B8CEF5A222A843F80025619F /* Protocols */,
				B8CEF5A522A8441D0025619F /* HomeDefaultViewModel.swift */,
			);
			path = ViewModels;
			sourceTree = "<group>";
		};
		B8CEF5A222A843F80025619F /* Protocols */ = {
			isa = PBXGroup;
			children = (
				B8CEF5A322A8440C0025619F /* HomeViewModel.swift */,
			);
			path = Protocols;
			sourceTree = "<group>";
		};
		B8CEF5A722A854210025619F /* ViewControllers */ = {
			isa = PBXGroup;
			children = (
				B8CEF5AA22A8545C0025619F /* HomeViewController.swift */,
				B8CEF5AB22A8545C0025619F /* HomeViewController.xib */,
			);
			path = ViewControllers;
			sourceTree = "<group>";
		};
/* End PBXGroup section */

/* Begin PBXNativeTarget section */
		B8BFEE5522A6CDF500BC4EC5 /* NearestRestaurantApp */ = {
			isa = PBXNativeTarget;
			buildConfigurationList = B8BFEE7E22A6CDF600BC4EC5 /* Build configuration list for PBXNativeTarget "NearestRestaurantApp" */;
			buildPhases = (
				B8BFEE5222A6CDF500BC4EC5 /* Sources */,
				B8BFEE5322A6CDF500BC4EC5 /* Frameworks */,
				B8BFEE5422A6CDF500BC4EC5 /* Resources */,
				B8BFEEA022A6DFE900BC4EC5 /* Carthage Script */,
			);
			buildRules = (
			);
			dependencies = (
			);
			name = NearestRestaurantApp;
			productName = NearestRestaurantApp;
			productReference = B8BFEE5622A6CDF500BC4EC5 /* NearestRestaurantApp.app */;
			productType = "com.apple.product-type.application";
		};
		B8BFEE6922A6CDF600BC4EC5 /* NearestRestaurantAppTests */ = {
			isa = PBXNativeTarget;
			buildConfigurationList = B8BFEE8122A6CDF600BC4EC5 /* Build configuration list for PBXNativeTarget "NearestRestaurantAppTests" */;
			buildPhases = (
				B8BFEE6622A6CDF600BC4EC5 /* Sources */,
				B8BFEE6722A6CDF600BC4EC5 /* Frameworks */,
				B8BFEE6822A6CDF600BC4EC5 /* Resources */,
				B8BFEEA122A6E04D00BC4EC5 /* Carthage Script */,
			);
			buildRules = (
			);
			dependencies = (
				B8BFEE6C22A6CDF600BC4EC5 /* PBXTargetDependency */,
			);
			name = NearestRestaurantAppTests;
			productName = NearestRestaurantAppTests;
			productReference = B8BFEE6A22A6CDF600BC4EC5 /* NearestRestaurantAppTests.xctest */;
			productType = "com.apple.product-type.bundle.unit-test";
		};
		B8BFEE7422A6CDF600BC4EC5 /* NearestRestaurantAppUITests */ = {
			isa = PBXNativeTarget;
			buildConfigurationList = B8BFEE8422A6CDF600BC4EC5 /* Build configuration list for PBXNativeTarget "NearestRestaurantAppUITests" */;
			buildPhases = (
				B8BFEE7122A6CDF600BC4EC5 /* Sources */,
				B8BFEE7222A6CDF600BC4EC5 /* Frameworks */,
				B8BFEE7322A6CDF600BC4EC5 /* Resources */,
				B8BFEEA222A6E0A100BC4EC5 /* Carthage Script */,
			);
			buildRules = (
			);
			dependencies = (
				B8BFEE7722A6CDF600BC4EC5 /* PBXTargetDependency */,
			);
			name = NearestRestaurantAppUITests;
			productName = NearestRestaurantAppUITests;
			productReference = B8BFEE7522A6CDF600BC4EC5 /* NearestRestaurantAppUITests.xctest */;
			productType = "com.apple.product-type.bundle.ui-testing";
		};
/* End PBXNativeTarget section */

/* Begin PBXProject section */
		B8BFEE4E22A6CDF500BC4EC5 /* Project object */ = {
			isa = PBXProject;
			attributes = {
				LastSwiftUpdateCheck = 1020;
				LastUpgradeCheck = 1020;
				ORGANIZATIONNAME = "Nanda Julianda Akbar";
				TargetAttributes = {
					B8BFEE5522A6CDF500BC4EC5 = {
						CreatedOnToolsVersion = 10.2.1;
					};
					B8BFEE6922A6CDF600BC4EC5 = {
						CreatedOnToolsVersion = 10.2.1;
						TestTargetID = B8BFEE5522A6CDF500BC4EC5;
					};
					B8BFEE7422A6CDF600BC4EC5 = {
						CreatedOnToolsVersion = 10.2.1;
						TestTargetID = B8BFEE5522A6CDF500BC4EC5;
					};
				};
			};
			buildConfigurationList = B8BFEE5122A6CDF500BC4EC5 /* Build configuration list for PBXProject "NearestRestaurantApp" */;
			compatibilityVersion = "Xcode 9.3";
			developmentRegion = en;
			hasScannedForEncodings = 0;
			knownRegions = (
				en,
				Base,
			);
			mainGroup = B8BFEE4D22A6CDF500BC4EC5;
			productRefGroup = B8BFEE5722A6CDF500BC4EC5 /* Products */;
			projectDirPath = "";
			projectRoot = "";
			targets = (
				B8BFEE5522A6CDF500BC4EC5 /* NearestRestaurantApp */,
				B8BFEE6922A6CDF600BC4EC5 /* NearestRestaurantAppTests */,
				B8BFEE7422A6CDF600BC4EC5 /* NearestRestaurantAppUITests */,
			);
		};
/* End PBXProject section */

/* Begin PBXResourcesBuildPhase section */
		B8BFEE5422A6CDF500BC4EC5 /* Resources */ = {
			isa = PBXResourcesBuildPhase;
			buildActionMask = 2147483647;
			files = (
				B8BFEE6422A6CDF600BC4EC5 /* LaunchScreen.storyboard in Resources */,
				B8BFEE6122A6CDF600BC4EC5 /* Assets.xcassets in Resources */,
				B8CEF5AD22A8545C0025619F /* HomeViewController.xib in Resources */,
			);
			runOnlyForDeploymentPostprocessing = 0;
		};
		B8BFEE6822A6CDF600BC4EC5 /* Resources */ = {
			isa = PBXResourcesBuildPhase;
			buildActionMask = 2147483647;
			files = (
			);
			runOnlyForDeploymentPostprocessing = 0;
		};
		B8BFEE7322A6CDF600BC4EC5 /* Resources */ = {
			isa = PBXResourcesBuildPhase;
			buildActionMask = 2147483647;
			files = (
			);
			runOnlyForDeploymentPostprocessing = 0;
		};
/* End PBXResourcesBuildPhase section */

/* Begin PBXShellScriptBuildPhase section */
		B8BFEEA022A6DFE900BC4EC5 /* Carthage Script */ = {
			isa = PBXShellScriptBuildPhase;
			buildActionMask = 2147483647;
			files = (
			);
			inputFileListPaths = (
			);
			inputPaths = (
				"$(SRCROOT)/Carthage/Build/iOS/RxCocoa.framework",
				"$(SRCROOT)/Carthage/Build/iOS/RxRelay.framework",
				"$(SRCROOT)/Carthage/Build/iOS/RxSwift.framework",
			);
			name = "Carthage Script";
			outputFileListPaths = (
			);
			outputPaths = (
				"$(BUILT_PRODUCTS_DIR)/$(FRAMEWORKS_FOLDER_PATH)/RxCocoa.framework",
				"$(BUILT_PRODUCTS_DIR)/$(FRAMEWORKS_FOLDER_PATH)/RxRelay.framework",
				"$(BUILT_PRODUCTS_DIR)/$(FRAMEWORKS_FOLDER_PATH)/RxSwift.framework",
			);
			runOnlyForDeploymentPostprocessing = 0;
			shellPath = /bin/sh;
			shellScript = "/usr/local/bin/carthage copy-frameworks\n";
		};
		B8BFEEA122A6E04D00BC4EC5 /* Carthage Script */ = {
			isa = PBXShellScriptBuildPhase;
			buildActionMask = 2147483647;
			files = (
			);
			inputFileListPaths = (
			);
			inputPaths = (
				"$(SRCROOT)/Carthage/Build/iOS/RxCocoa.framework",
				"$(SRCROOT)/Carthage/Build/iOS/RxRelay.framework",
				"$(SRCROOT)/Carthage/Build/iOS/RxSwift.framework",
				"$(SRCROOT)/Carthage/Build/iOS/RxBlocking.framework",
				"$(SRCROOT)/Carthage/Build/iOS/RxTest.framework",
			);
			name = "Carthage Script";
			outputFileListPaths = (
			);
			outputPaths = (
			);
			runOnlyForDeploymentPostprocessing = 0;
			shellPath = /bin/sh;
			shellScript = "/usr/local/bin/carthage copy-frameworks\n";
		};
		B8BFEEA222A6E0A100BC4EC5 /* Carthage Script */ = {
			isa = PBXShellScriptBuildPhase;
			buildActionMask = 2147483647;
			files = (
			);
			inputFileListPaths = (
			);
			inputPaths = (
				"$(SRCROOT)/Carthage/Build/iOS/RxCocoa.framework",
				"$(SRCROOT)/Carthage/Build/iOS/RxRelay.framework",
				"$(SRCROOT)/Carthage/Build/iOS/RxSwift.framework",
				"$(SRCROOT)/Carthage/Build/iOS/RxBlocking.framework",
				"$(SRCROOT)/Carthage/Build/iOS/RxTest.framework",
			);
			name = "Carthage Script";
			outputFileListPaths = (
			);
			outputPaths = (
			);
			runOnlyForDeploymentPostprocessing = 0;
			shellPath = /bin/sh;
			shellScript = "/usr/local/bin/carthage copy-frameworks\n";
		};
/* End PBXShellScriptBuildPhase section */

/* Begin PBXSourcesBuildPhase section */
		B8BFEE5222A6CDF500BC4EC5 /* Sources */ = {
			isa = PBXSourcesBuildPhase;
			buildActionMask = 2147483647;
			files = (
				B8CEF5A422A8440C0025619F /* HomeViewModel.swift in Sources */,
				B8AD338222A9B577004B51B8 /* Venue.swift in Sources */,
				B8BFEEC122A6E97F00BC4EC5 /* HttpRequestSpec.swift in Sources */,
				B8CEF58322A8309C0025619F /* Venues.swift in Sources */,
				B8CEF58D22A833450025619F /* VenueDetail.swift in Sources */,
				B8AD337C22A9B3A3004B51B8 /* VenueDetailDefaultModel.swift in Sources */,
				B8CEF58B22A832C90025619F /* VenueIcon.swift in Sources */,
				B8AD337622A9AC9E004B51B8 /* VenueDetailEndpoint.swift in Sources */,
				B8CEF5B522A8737C0025619F /* AppFlowController.swift in Sources */,
				B8CEF5AC22A8545C0025619F /* HomeViewController.swift in Sources */,
				B8CEF57F22A82F640025619F /* VenuesModel.swift in Sources */,
				B8BFEEC322A6E9B800BC4EC5 /* HttpHandler.swift in Sources */,
				B8CEF59222A8345C0025619F /* VenuesEndpoint.swift in Sources */,
				B8CEF5B322A871540025619F /* RxMKMapViewDelegateProxy.swift in Sources */,
				B8BFEEBF22A6E94F00BC4EC5 /* CommonError.swift in Sources */,
				B8BFEE5A22A6CDF500BC4EC5 /* AppDelegate.swift in Sources */,
				B8BFEEC622A6EA7300BC4EC5 /* HttpHandler+Extension.swift in Sources */,
				B8CEF5B122A871250025619F /* Rx+MapKitExtension.swift in Sources */,
				B8CEF5A622A8441D0025619F /* HomeDefaultViewModel.swift in Sources */,
				B8BFEE9F22A6D2D900BC4EC5 /* Config.swift in Sources */,
				B8AD337A22A9B265004B51B8 /* VenueDetailModel.swift in Sources */,
				B8CEF5AF22A859380025619F /* VenueAnnotation.swift in Sources */,
				B8CEF58722A831010025619F /* VenueLocation.swift in Sources */,
				B8CEF58122A830110025619F /* VenuesRequest.swift in Sources */,
				B8CEF58F22A833F90025619F /* VenuesDefaultModel.swift in Sources */,
				B8BFEEC822A6F10D00BC4EC5 /* FoursquareResponse.swift in Sources */,
				B8AD337E22A9B4CE004B51B8 /* HttpRequestSpec+FoursquareExtension.swift in Sources */,
				B8CEF58922A832770025619F /* VenueCategory.swift in Sources */,
				B8BFEEB922A6E8C500BC4EC5 /* URLSessionStandard.swift in Sources */,
				B8BFEEBC22A6E8F900BC4EC5 /* ErrorFactory.swift in Sources */,
			);
			runOnlyForDeploymentPostprocessing = 0;
		};
		B8BFEE6622A6CDF600BC4EC5 /* Sources */ = {
			isa = PBXSourcesBuildPhase;
			buildActionMask = 2147483647;
			files = (
				B8CEF57622A8080B0025619F /* HttpHandler.swift in Sources */,
				B8AD338322A9B577004B51B8 /* Venue.swift in Sources */,
				B8CEF56B22A806870025619F /* StubURLSession.swift in Sources */,
				B8AD337222A9A951004B51B8 /* VenueAnnotation.swift in Sources */,
				B8AD338822A9BA28004B51B8 /* VenueDetailDefaultModel.swift in Sources */,
				B8CEF56E22A806F10025619F /* CommonError.swift in Sources */,
				B8AD336E22A9A357004B51B8 /* HomeViewModel.swift in Sources */,
				B8AD337122A9A38A004B51B8 /* MockVenuesModel.swift in Sources */,
				B8CEF57822A808160025619F /* FoursquareResponse.swift in Sources */,
				B8CEF57422A807AF0025619F /* HttpHandlerTests.swift in Sources */,
				B8CEF57522A808040025619F /* HttpRequestSpec.swift in Sources */,
				B8CEF59922A8415A0025619F /* VenuesEndpoint.swift in Sources */,
				B8CEF57722A808100025619F /* HttpHandler+Extension.swift in Sources */,
				B8AD338A22A9BB31004B51B8 /* VenueDetailEndpoint.swift in Sources */,
				B8CEF59A22A8415D0025619F /* VenueDetail.swift in Sources */,
				B8CEF59822A841550025619F /* VenuesRequest.swift in Sources */,
				B8CEF5A022A842B20025619F /* VenuesModel.swift in Sources */,
				B8CEF59D22A841660025619F /* VenueLocation.swift in Sources */,
				B8CEF57022A8073C0025619F /* MockHttpResponse.swift in Sources */,
				B8CEF59E22A8417B0025619F /* VenuesDefaultModel.swift in Sources */,
				B8CEF56522A805CF0025619F /* FakeJsonData.swift in Sources */,
				B8AD336D22A9A20D004B51B8 /* HomeDefaultViewModelTests.swift in Sources */,
				B8CEF56C22A806980025619F /* ErrorFactory.swift in Sources */,
				B8CEF59F22A842AA0025619F /* Config.swift in Sources */,
				B8AD336F22A9A36B004B51B8 /* HomeDefaultViewModel.swift in Sources */,
				B8AD338922A9BA2E004B51B8 /* VenueDetailModel.swift in Sources */,
				B8CEF56922A806390025619F /* StubSessionDataTask.swift in Sources */,
				B8CEF59B22A841600025619F /* VenueIcon.swift in Sources */,
				B8CEF59722A841520025619F /* Venues.swift in Sources */,
				B8AD337F22A9B4CE004B51B8 /* HttpRequestSpec+FoursquareExtension.swift in Sources */,
				B8CEF59622A8408E0025619F /* VenuesDefaultModelTests.swift in Sources */,
				B8AD338722A9B903004B51B8 /* VenueDetailDefaultModelTests.swift in Sources */,
				B8CEF56D22A806AF0025619F /* URLSessionStandard.swift in Sources */,
				B8CEF59C22A841630025619F /* VenueCategory.swift in Sources */,
			);
			runOnlyForDeploymentPostprocessing = 0;
		};
		B8BFEE7122A6CDF600BC4EC5 /* Sources */ = {
			isa = PBXSourcesBuildPhase;
			buildActionMask = 2147483647;
			files = (
				B8BFEE7A22A6CDF600BC4EC5 /* NearestRestaurantAppUITests.swift in Sources */,
			);
			runOnlyForDeploymentPostprocessing = 0;
		};
/* End PBXSourcesBuildPhase section */

/* Begin PBXTargetDependency section */
		B8BFEE6C22A6CDF600BC4EC5 /* PBXTargetDependency */ = {
			isa = PBXTargetDependency;
			target = B8BFEE5522A6CDF500BC4EC5 /* NearestRestaurantApp */;
			targetProxy = B8BFEE6B22A6CDF600BC4EC5 /* PBXContainerItemProxy */;
		};
		B8BFEE7722A6CDF600BC4EC5 /* PBXTargetDependency */ = {
			isa = PBXTargetDependency;
			target = B8BFEE5522A6CDF500BC4EC5 /* NearestRestaurantApp */;
			targetProxy = B8BFEE7622A6CDF600BC4EC5 /* PBXContainerItemProxy */;
		};
/* End PBXTargetDependency section */

/* Begin PBXVariantGroup section */
		B8BFEE6222A6CDF600BC4EC5 /* LaunchScreen.storyboard */ = {
			isa = PBXVariantGroup;
			children = (
				B8BFEE6322A6CDF600BC4EC5 /* Base */,
			);
			name = LaunchScreen.storyboard;
			sourceTree = "<group>";
		};
/* End PBXVariantGroup section */

/* Begin XCBuildConfiguration section */
		B8BFEE7C22A6CDF600BC4EC5 /* Debug */ = {
			isa = XCBuildConfiguration;
			baseConfigurationReference = B8BFEE9D22A6D29F00BC4EC5 /* Production.xcconfig */;
			buildSettings = {
				ALWAYS_SEARCH_USER_PATHS = NO;
				CLANG_ANALYZER_NONNULL = YES;
				CLANG_ANALYZER_NUMBER_OBJECT_CONVERSION = YES_AGGRESSIVE;
				CLANG_CXX_LANGUAGE_STANDARD = "gnu++14";
				CLANG_CXX_LIBRARY = "libc++";
				CLANG_ENABLE_MODULES = YES;
				CLANG_ENABLE_OBJC_ARC = YES;
				CLANG_ENABLE_OBJC_WEAK = YES;
				CLANG_WARN_BLOCK_CAPTURE_AUTORELEASING = YES;
				CLANG_WARN_BOOL_CONVERSION = YES;
				CLANG_WARN_COMMA = YES;
				CLANG_WARN_CONSTANT_CONVERSION = YES;
				CLANG_WARN_DEPRECATED_OBJC_IMPLEMENTATIONS = YES;
				CLANG_WARN_DIRECT_OBJC_ISA_USAGE = YES_ERROR;
				CLANG_WARN_DOCUMENTATION_COMMENTS = YES;
				CLANG_WARN_EMPTY_BODY = YES;
				CLANG_WARN_ENUM_CONVERSION = YES;
				CLANG_WARN_INFINITE_RECURSION = YES;
				CLANG_WARN_INT_CONVERSION = YES;
				CLANG_WARN_NON_LITERAL_NULL_CONVERSION = YES;
				CLANG_WARN_OBJC_IMPLICIT_RETAIN_SELF = YES;
				CLANG_WARN_OBJC_LITERAL_CONVERSION = YES;
				CLANG_WARN_OBJC_ROOT_CLASS = YES_ERROR;
				CLANG_WARN_RANGE_LOOP_ANALYSIS = YES;
				CLANG_WARN_STRICT_PROTOTYPES = YES;
				CLANG_WARN_SUSPICIOUS_MOVE = YES;
				CLANG_WARN_UNGUARDED_AVAILABILITY = YES_AGGRESSIVE;
				CLANG_WARN_UNREACHABLE_CODE = YES;
				CLANG_WARN__DUPLICATE_METHOD_MATCH = YES;
				CODE_SIGN_IDENTITY = "iPhone Developer";
				COPY_PHASE_STRIP = NO;
				DEBUG_INFORMATION_FORMAT = dwarf;
				ENABLE_STRICT_OBJC_MSGSEND = YES;
				ENABLE_TESTABILITY = YES;
				GCC_C_LANGUAGE_STANDARD = gnu11;
				GCC_DYNAMIC_NO_PIC = NO;
				GCC_NO_COMMON_BLOCKS = YES;
				GCC_OPTIMIZATION_LEVEL = 0;
				GCC_PREPROCESSOR_DEFINITIONS = (
					"DEBUG=1",
					"$(inherited)",
				);
				GCC_WARN_64_TO_32_BIT_CONVERSION = YES;
				GCC_WARN_ABOUT_RETURN_TYPE = YES_ERROR;
				GCC_WARN_UNDECLARED_SELECTOR = YES;
				GCC_WARN_UNINITIALIZED_AUTOS = YES_AGGRESSIVE;
				GCC_WARN_UNUSED_FUNCTION = YES;
				GCC_WARN_UNUSED_VARIABLE = YES;
				IPHONEOS_DEPLOYMENT_TARGET = 12.2;
				MTL_ENABLE_DEBUG_INFO = INCLUDE_SOURCE;
				MTL_FAST_MATH = YES;
				ONLY_ACTIVE_ARCH = YES;
				SDKROOT = iphoneos;
				SWIFT_ACTIVE_COMPILATION_CONDITIONS = DEBUG;
				SWIFT_OPTIMIZATION_LEVEL = "-Onone";
			};
			name = Debug;
		};
		B8BFEE7D22A6CDF600BC4EC5 /* Release */ = {
			isa = XCBuildConfiguration;
			baseConfigurationReference = B8BFEE9D22A6D29F00BC4EC5 /* Production.xcconfig */;
			buildSettings = {
				ALWAYS_SEARCH_USER_PATHS = NO;
				CLANG_ANALYZER_NONNULL = YES;
				CLANG_ANALYZER_NUMBER_OBJECT_CONVERSION = YES_AGGRESSIVE;
				CLANG_CXX_LANGUAGE_STANDARD = "gnu++14";
				CLANG_CXX_LIBRARY = "libc++";
				CLANG_ENABLE_MODULES = YES;
				CLANG_ENABLE_OBJC_ARC = YES;
				CLANG_ENABLE_OBJC_WEAK = YES;
				CLANG_WARN_BLOCK_CAPTURE_AUTORELEASING = YES;
				CLANG_WARN_BOOL_CONVERSION = YES;
				CLANG_WARN_COMMA = YES;
				CLANG_WARN_CONSTANT_CONVERSION = YES;
				CLANG_WARN_DEPRECATED_OBJC_IMPLEMENTATIONS = YES;
				CLANG_WARN_DIRECT_OBJC_ISA_USAGE = YES_ERROR;
				CLANG_WARN_DOCUMENTATION_COMMENTS = YES;
				CLANG_WARN_EMPTY_BODY = YES;
				CLANG_WARN_ENUM_CONVERSION = YES;
				CLANG_WARN_INFINITE_RECURSION = YES;
				CLANG_WARN_INT_CONVERSION = YES;
				CLANG_WARN_NON_LITERAL_NULL_CONVERSION = YES;
				CLANG_WARN_OBJC_IMPLICIT_RETAIN_SELF = YES;
				CLANG_WARN_OBJC_LITERAL_CONVERSION = YES;
				CLANG_WARN_OBJC_ROOT_CLASS = YES_ERROR;
				CLANG_WARN_RANGE_LOOP_ANALYSIS = YES;
				CLANG_WARN_STRICT_PROTOTYPES = YES;
				CLANG_WARN_SUSPICIOUS_MOVE = YES;
				CLANG_WARN_UNGUARDED_AVAILABILITY = YES_AGGRESSIVE;
				CLANG_WARN_UNREACHABLE_CODE = YES;
				CLANG_WARN__DUPLICATE_METHOD_MATCH = YES;
				CODE_SIGN_IDENTITY = "iPhone Developer";
				COPY_PHASE_STRIP = NO;
				DEBUG_INFORMATION_FORMAT = "dwarf-with-dsym";
				ENABLE_NS_ASSERTIONS = NO;
				ENABLE_STRICT_OBJC_MSGSEND = YES;
				GCC_C_LANGUAGE_STANDARD = gnu11;
				GCC_NO_COMMON_BLOCKS = YES;
				GCC_WARN_64_TO_32_BIT_CONVERSION = YES;
				GCC_WARN_ABOUT_RETURN_TYPE = YES_ERROR;
				GCC_WARN_UNDECLARED_SELECTOR = YES;
				GCC_WARN_UNINITIALIZED_AUTOS = YES_AGGRESSIVE;
				GCC_WARN_UNUSED_FUNCTION = YES;
				GCC_WARN_UNUSED_VARIABLE = YES;
				IPHONEOS_DEPLOYMENT_TARGET = 12.2;
				MTL_ENABLE_DEBUG_INFO = NO;
				MTL_FAST_MATH = YES;
				SDKROOT = iphoneos;
				SWIFT_COMPILATION_MODE = wholemodule;
				SWIFT_OPTIMIZATION_LEVEL = "-O";
				VALIDATE_PRODUCT = YES;
			};
			name = Release;
		};
		B8BFEE7F22A6CDF600BC4EC5 /* Debug */ = {
			isa = XCBuildConfiguration;
			baseConfigurationReference = B8BFEE9D22A6D29F00BC4EC5 /* Production.xcconfig */;
			buildSettings = {
				ASSETCATALOG_COMPILER_APPICON_NAME = AppIcon;
				CODE_SIGN_STYLE = Automatic;
				DEVELOPMENT_TEAM = BZ5D9URT5U;
				FRAMEWORK_SEARCH_PATHS = (
					"$(inherited)",
					"$(PROJECT_DIR)/Carthage/Build/iOS",
				);
				INFOPLIST_FILE = "$(SRCROOT)/NearestRestaurantApp/Supporting Files/Info.plist";
				LD_RUNPATH_SEARCH_PATHS = (
					"$(inherited)",
					"@executable_path/Frameworks",
				);
				PRODUCT_BUNDLE_IDENTIFIER = com.nanda.NearestRestaurantApp;
				PRODUCT_NAME = "$(TARGET_NAME)";
				SWIFT_VERSION = 5.0;
				TARGETED_DEVICE_FAMILY = 1;
			};
			name = Debug;
		};
		B8BFEE8022A6CDF600BC4EC5 /* Release */ = {
			isa = XCBuildConfiguration;
			baseConfigurationReference = B8BFEE9D22A6D29F00BC4EC5 /* Production.xcconfig */;
			buildSettings = {
				ASSETCATALOG_COMPILER_APPICON_NAME = AppIcon;
				CODE_SIGN_STYLE = Automatic;
				DEVELOPMENT_TEAM = BZ5D9URT5U;
				FRAMEWORK_SEARCH_PATHS = (
					"$(inherited)",
					"$(PROJECT_DIR)/Carthage/Build/iOS",
				);
				INFOPLIST_FILE = "$(SRCROOT)/NearestRestaurantApp/Supporting Files/Info.plist";
				LD_RUNPATH_SEARCH_PATHS = (
					"$(inherited)",
					"@executable_path/Frameworks",
				);
				PRODUCT_BUNDLE_IDENTIFIER = com.nanda.NearestRestaurantApp;
				PRODUCT_NAME = "$(TARGET_NAME)";
				SWIFT_VERSION = 5.0;
				TARGETED_DEVICE_FAMILY = 1;
			};
			name = Release;
		};
		B8BFEE8222A6CDF600BC4EC5 /* Debug */ = {
			isa = XCBuildConfiguration;
			baseConfigurationReference = B8BFEE9D22A6D29F00BC4EC5 /* Production.xcconfig */;
			buildSettings = {
				ALWAYS_EMBED_SWIFT_STANDARD_LIBRARIES = YES;
				BUNDLE_LOADER = "$(TEST_HOST)";
				CODE_SIGN_STYLE = Automatic;
				DEVELOPMENT_TEAM = BZ5D9URT5U;
				FRAMEWORK_SEARCH_PATHS = (
					"$(inherited)",
					"$(PROJECT_DIR)/Carthage/Build/iOS",
				);
				INFOPLIST_FILE = "NearestRestaurantAppTests/Supporting Files/Info.plist";
				LD_RUNPATH_SEARCH_PATHS = (
					"$(inherited)",
					"@executable_path/Frameworks",
					"@loader_path/Frameworks",
				);
				PRODUCT_BUNDLE_IDENTIFIER = com.nanda.NearestRestaurantAppTests;
				PRODUCT_NAME = "$(TARGET_NAME)";
				SWIFT_VERSION = 5.0;
				TARGETED_DEVICE_FAMILY = "1,2";
				TEST_HOST = "$(BUILT_PRODUCTS_DIR)/NearestRestaurantApp.app/NearestRestaurantApp";
			};
			name = Debug;
		};
		B8BFEE8322A6CDF600BC4EC5 /* Release */ = {
			isa = XCBuildConfiguration;
			baseConfigurationReference = B8BFEE9D22A6D29F00BC4EC5 /* Production.xcconfig */;
			buildSettings = {
				ALWAYS_EMBED_SWIFT_STANDARD_LIBRARIES = YES;
				BUNDLE_LOADER = "$(TEST_HOST)";
				CODE_SIGN_STYLE = Automatic;
				DEVELOPMENT_TEAM = BZ5D9URT5U;
				FRAMEWORK_SEARCH_PATHS = (
					"$(inherited)",
					"$(PROJECT_DIR)/Carthage/Build/iOS",
				);
				INFOPLIST_FILE = "NearestRestaurantAppTests/Supporting Files/Info.plist";
				LD_RUNPATH_SEARCH_PATHS = (
					"$(inherited)",
					"@executable_path/Frameworks",
					"@loader_path/Frameworks",
				);
				PRODUCT_BUNDLE_IDENTIFIER = com.nanda.NearestRestaurantAppTests;
				PRODUCT_NAME = "$(TARGET_NAME)";
				SWIFT_VERSION = 5.0;
				TARGETED_DEVICE_FAMILY = "1,2";
				TEST_HOST = "$(BUILT_PRODUCTS_DIR)/NearestRestaurantApp.app/NearestRestaurantApp";
			};
			name = Release;
		};
		B8BFEE8522A6CDF600BC4EC5 /* Debug */ = {
			isa = XCBuildConfiguration;
			baseConfigurationReference = B8BFEE9D22A6D29F00BC4EC5 /* Production.xcconfig */;
			buildSettings = {
				ALWAYS_EMBED_SWIFT_STANDARD_LIBRARIES = YES;
				CODE_SIGN_STYLE = Automatic;
				DEVELOPMENT_TEAM = BZ5D9URT5U;
				FRAMEWORK_SEARCH_PATHS = (
					"$(inherited)",
					"$(PROJECT_DIR)/Carthage/Build/iOS",
				);
				INFOPLIST_FILE = "NearestRestaurantAppUITests/Supporting Files/Info.plist";
				LD_RUNPATH_SEARCH_PATHS = (
					"$(inherited)",
					"@executable_path/Frameworks",
					"@loader_path/Frameworks",
				);
				PRODUCT_BUNDLE_IDENTIFIER = com.nanda.NearestRestaurantAppUITests;
				PRODUCT_NAME = "$(TARGET_NAME)";
				SWIFT_VERSION = 5.0;
				TARGETED_DEVICE_FAMILY = "1,2";
				TEST_TARGET_NAME = NearestRestaurantApp;
			};
			name = Debug;
		};
		B8BFEE8622A6CDF600BC4EC5 /* Release */ = {
			isa = XCBuildConfiguration;
			baseConfigurationReference = B8BFEE9D22A6D29F00BC4EC5 /* Production.xcconfig */;
			buildSettings = {
				ALWAYS_EMBED_SWIFT_STANDARD_LIBRARIES = YES;
				CODE_SIGN_STYLE = Automatic;
				DEVELOPMENT_TEAM = BZ5D9URT5U;
				FRAMEWORK_SEARCH_PATHS = (
					"$(inherited)",
					"$(PROJECT_DIR)/Carthage/Build/iOS",
				);
				INFOPLIST_FILE = "NearestRestaurantAppUITests/Supporting Files/Info.plist";
				LD_RUNPATH_SEARCH_PATHS = (
					"$(inherited)",
					"@executable_path/Frameworks",
					"@loader_path/Frameworks",
				);
				PRODUCT_BUNDLE_IDENTIFIER = com.nanda.NearestRestaurantAppUITests;
				PRODUCT_NAME = "$(TARGET_NAME)";
				SWIFT_VERSION = 5.0;
				TARGETED_DEVICE_FAMILY = "1,2";
				TEST_TARGET_NAME = NearestRestaurantApp;
			};
			name = Release;
		};
		B8BFEE8A22A6D22600BC4EC5 /* Debug (DEV) */ = {
			isa = XCBuildConfiguration;
			baseConfigurationReference = B8BFEE9B22A6D28400BC4EC5 /* Development.xcconfig */;
			buildSettings = {
				ALWAYS_SEARCH_USER_PATHS = NO;
				CLANG_ANALYZER_NONNULL = YES;
				CLANG_ANALYZER_NUMBER_OBJECT_CONVERSION = YES_AGGRESSIVE;
				CLANG_CXX_LANGUAGE_STANDARD = "gnu++14";
				CLANG_CXX_LIBRARY = "libc++";
				CLANG_ENABLE_MODULES = YES;
				CLANG_ENABLE_OBJC_ARC = YES;
				CLANG_ENABLE_OBJC_WEAK = YES;
				CLANG_WARN_BLOCK_CAPTURE_AUTORELEASING = YES;
				CLANG_WARN_BOOL_CONVERSION = YES;
				CLANG_WARN_COMMA = YES;
				CLANG_WARN_CONSTANT_CONVERSION = YES;
				CLANG_WARN_DEPRECATED_OBJC_IMPLEMENTATIONS = YES;
				CLANG_WARN_DIRECT_OBJC_ISA_USAGE = YES_ERROR;
				CLANG_WARN_DOCUMENTATION_COMMENTS = YES;
				CLANG_WARN_EMPTY_BODY = YES;
				CLANG_WARN_ENUM_CONVERSION = YES;
				CLANG_WARN_INFINITE_RECURSION = YES;
				CLANG_WARN_INT_CONVERSION = YES;
				CLANG_WARN_NON_LITERAL_NULL_CONVERSION = YES;
				CLANG_WARN_OBJC_IMPLICIT_RETAIN_SELF = YES;
				CLANG_WARN_OBJC_LITERAL_CONVERSION = YES;
				CLANG_WARN_OBJC_ROOT_CLASS = YES_ERROR;
				CLANG_WARN_RANGE_LOOP_ANALYSIS = YES;
				CLANG_WARN_STRICT_PROTOTYPES = YES;
				CLANG_WARN_SUSPICIOUS_MOVE = YES;
				CLANG_WARN_UNGUARDED_AVAILABILITY = YES_AGGRESSIVE;
				CLANG_WARN_UNREACHABLE_CODE = YES;
				CLANG_WARN__DUPLICATE_METHOD_MATCH = YES;
				CODE_SIGN_IDENTITY = "iPhone Developer";
				COPY_PHASE_STRIP = NO;
				DEBUG_INFORMATION_FORMAT = dwarf;
				ENABLE_STRICT_OBJC_MSGSEND = YES;
				ENABLE_TESTABILITY = YES;
				GCC_C_LANGUAGE_STANDARD = gnu11;
				GCC_DYNAMIC_NO_PIC = NO;
				GCC_NO_COMMON_BLOCKS = YES;
				GCC_OPTIMIZATION_LEVEL = 0;
				GCC_PREPROCESSOR_DEFINITIONS = (
					"DEBUG=1",
					"$(inherited)",
				);
				GCC_WARN_64_TO_32_BIT_CONVERSION = YES;
				GCC_WARN_ABOUT_RETURN_TYPE = YES_ERROR;
				GCC_WARN_UNDECLARED_SELECTOR = YES;
				GCC_WARN_UNINITIALIZED_AUTOS = YES_AGGRESSIVE;
				GCC_WARN_UNUSED_FUNCTION = YES;
				GCC_WARN_UNUSED_VARIABLE = YES;
				IPHONEOS_DEPLOYMENT_TARGET = 12.2;
				MTL_ENABLE_DEBUG_INFO = INCLUDE_SOURCE;
				MTL_FAST_MATH = YES;
				ONLY_ACTIVE_ARCH = YES;
				SDKROOT = iphoneos;
				SWIFT_ACTIVE_COMPILATION_CONDITIONS = DEBUG;
				SWIFT_OPTIMIZATION_LEVEL = "-Onone";
			};
			name = "Debug (DEV)";
		};
		B8BFEE8B22A6D22600BC4EC5 /* Debug (DEV) */ = {
			isa = XCBuildConfiguration;
			baseConfigurationReference = B8BFEE9B22A6D28400BC4EC5 /* Development.xcconfig */;
			buildSettings = {
				ASSETCATALOG_COMPILER_APPICON_NAME = AppIcon;
				CODE_SIGN_STYLE = Automatic;
				DEVELOPMENT_TEAM = BZ5D9URT5U;
				FRAMEWORK_SEARCH_PATHS = (
					"$(inherited)",
					"$(PROJECT_DIR)/Carthage/Build/iOS",
				);
				INFOPLIST_FILE = "$(SRCROOT)/NearestRestaurantApp/Supporting Files/Info.plist";
				LD_RUNPATH_SEARCH_PATHS = (
					"$(inherited)",
					"@executable_path/Frameworks",
				);
				PRODUCT_BUNDLE_IDENTIFIER = com.nanda.NearestRestaurantApp;
				PRODUCT_NAME = "$(TARGET_NAME)";
				SWIFT_VERSION = 5.0;
				TARGETED_DEVICE_FAMILY = 1;
			};
			name = "Debug (DEV)";
		};
		B8BFEE8C22A6D22600BC4EC5 /* Debug (DEV) */ = {
			isa = XCBuildConfiguration;
			baseConfigurationReference = B8BFEE9B22A6D28400BC4EC5 /* Development.xcconfig */;
			buildSettings = {
				ALWAYS_EMBED_SWIFT_STANDARD_LIBRARIES = YES;
				BUNDLE_LOADER = "$(TEST_HOST)";
				CODE_SIGN_STYLE = Automatic;
				DEVELOPMENT_TEAM = BZ5D9URT5U;
				FRAMEWORK_SEARCH_PATHS = (
					"$(inherited)",
					"$(PROJECT_DIR)/Carthage/Build/iOS",
				);
				INFOPLIST_FILE = "NearestRestaurantAppTests/Supporting Files/Info.plist";
				LD_RUNPATH_SEARCH_PATHS = (
					"$(inherited)",
					"@executable_path/Frameworks",
					"@loader_path/Frameworks",
				);
				PRODUCT_BUNDLE_IDENTIFIER = com.nanda.NearestRestaurantAppTests;
				PRODUCT_NAME = "$(TARGET_NAME)";
				SWIFT_VERSION = 5.0;
				TARGETED_DEVICE_FAMILY = "1,2";
				TEST_HOST = "$(BUILT_PRODUCTS_DIR)/NearestRestaurantApp.app/NearestRestaurantApp";
			};
			name = "Debug (DEV)";
		};
		B8BFEE8D22A6D22600BC4EC5 /* Debug (DEV) */ = {
			isa = XCBuildConfiguration;
			baseConfigurationReference = B8BFEE9B22A6D28400BC4EC5 /* Development.xcconfig */;
			buildSettings = {
				ALWAYS_EMBED_SWIFT_STANDARD_LIBRARIES = YES;
				CODE_SIGN_STYLE = Automatic;
				DEVELOPMENT_TEAM = BZ5D9URT5U;
				FRAMEWORK_SEARCH_PATHS = (
					"$(inherited)",
					"$(PROJECT_DIR)/Carthage/Build/iOS",
				);
				INFOPLIST_FILE = "NearestRestaurantAppUITests/Supporting Files/Info.plist";
				LD_RUNPATH_SEARCH_PATHS = (
					"$(inherited)",
					"@executable_path/Frameworks",
					"@loader_path/Frameworks",
				);
				PRODUCT_BUNDLE_IDENTIFIER = com.nanda.NearestRestaurantAppUITests;
				PRODUCT_NAME = "$(TARGET_NAME)";
				SWIFT_VERSION = 5.0;
				TARGETED_DEVICE_FAMILY = "1,2";
				TEST_TARGET_NAME = NearestRestaurantApp;
			};
			name = "Debug (DEV)";
		};
		B8BFEE8E22A6D23000BC4EC5 /* Debug (STG) */ = {
			isa = XCBuildConfiguration;
			baseConfigurationReference = B8BFEE9C22A6D29200BC4EC5 /* Staging.xcconfig */;
			buildSettings = {
				ALWAYS_SEARCH_USER_PATHS = NO;
				CLANG_ANALYZER_NONNULL = YES;
				CLANG_ANALYZER_NUMBER_OBJECT_CONVERSION = YES_AGGRESSIVE;
				CLANG_CXX_LANGUAGE_STANDARD = "gnu++14";
				CLANG_CXX_LIBRARY = "libc++";
				CLANG_ENABLE_MODULES = YES;
				CLANG_ENABLE_OBJC_ARC = YES;
				CLANG_ENABLE_OBJC_WEAK = YES;
				CLANG_WARN_BLOCK_CAPTURE_AUTORELEASING = YES;
				CLANG_WARN_BOOL_CONVERSION = YES;
				CLANG_WARN_COMMA = YES;
				CLANG_WARN_CONSTANT_CONVERSION = YES;
				CLANG_WARN_DEPRECATED_OBJC_IMPLEMENTATIONS = YES;
				CLANG_WARN_DIRECT_OBJC_ISA_USAGE = YES_ERROR;
				CLANG_WARN_DOCUMENTATION_COMMENTS = YES;
				CLANG_WARN_EMPTY_BODY = YES;
				CLANG_WARN_ENUM_CONVERSION = YES;
				CLANG_WARN_INFINITE_RECURSION = YES;
				CLANG_WARN_INT_CONVERSION = YES;
				CLANG_WARN_NON_LITERAL_NULL_CONVERSION = YES;
				CLANG_WARN_OBJC_IMPLICIT_RETAIN_SELF = YES;
				CLANG_WARN_OBJC_LITERAL_CONVERSION = YES;
				CLANG_WARN_OBJC_ROOT_CLASS = YES_ERROR;
				CLANG_WARN_RANGE_LOOP_ANALYSIS = YES;
				CLANG_WARN_STRICT_PROTOTYPES = YES;
				CLANG_WARN_SUSPICIOUS_MOVE = YES;
				CLANG_WARN_UNGUARDED_AVAILABILITY = YES_AGGRESSIVE;
				CLANG_WARN_UNREACHABLE_CODE = YES;
				CLANG_WARN__DUPLICATE_METHOD_MATCH = YES;
				CODE_SIGN_IDENTITY = "iPhone Developer";
				COPY_PHASE_STRIP = NO;
				DEBUG_INFORMATION_FORMAT = dwarf;
				ENABLE_STRICT_OBJC_MSGSEND = YES;
				ENABLE_TESTABILITY = YES;
				GCC_C_LANGUAGE_STANDARD = gnu11;
				GCC_DYNAMIC_NO_PIC = NO;
				GCC_NO_COMMON_BLOCKS = YES;
				GCC_OPTIMIZATION_LEVEL = 0;
				GCC_PREPROCESSOR_DEFINITIONS = (
					"DEBUG=1",
					"$(inherited)",
				);
				GCC_WARN_64_TO_32_BIT_CONVERSION = YES;
				GCC_WARN_ABOUT_RETURN_TYPE = YES_ERROR;
				GCC_WARN_UNDECLARED_SELECTOR = YES;
				GCC_WARN_UNINITIALIZED_AUTOS = YES_AGGRESSIVE;
				GCC_WARN_UNUSED_FUNCTION = YES;
				GCC_WARN_UNUSED_VARIABLE = YES;
				IPHONEOS_DEPLOYMENT_TARGET = 12.2;
				MTL_ENABLE_DEBUG_INFO = INCLUDE_SOURCE;
				MTL_FAST_MATH = YES;
				ONLY_ACTIVE_ARCH = YES;
				SDKROOT = iphoneos;
				SWIFT_ACTIVE_COMPILATION_CONDITIONS = DEBUG;
				SWIFT_OPTIMIZATION_LEVEL = "-Onone";
			};
			name = "Debug (STG)";
		};
		B8BFEE8F22A6D23000BC4EC5 /* Debug (STG) */ = {
			isa = XCBuildConfiguration;
			baseConfigurationReference = B8BFEE9C22A6D29200BC4EC5 /* Staging.xcconfig */;
			buildSettings = {
				ASSETCATALOG_COMPILER_APPICON_NAME = AppIcon;
				CODE_SIGN_STYLE = Automatic;
				DEVELOPMENT_TEAM = BZ5D9URT5U;
				FRAMEWORK_SEARCH_PATHS = (
					"$(inherited)",
					"$(PROJECT_DIR)/Carthage/Build/iOS",
				);
				INFOPLIST_FILE = "$(SRCROOT)/NearestRestaurantApp/Supporting Files/Info.plist";
				LD_RUNPATH_SEARCH_PATHS = (
					"$(inherited)",
					"@executable_path/Frameworks",
				);
				PRODUCT_BUNDLE_IDENTIFIER = com.nanda.NearestRestaurantApp;
				PRODUCT_NAME = "$(TARGET_NAME)";
				SWIFT_VERSION = 5.0;
				TARGETED_DEVICE_FAMILY = 1;
			};
			name = "Debug (STG)";
		};
		B8BFEE9022A6D23000BC4EC5 /* Debug (STG) */ = {
			isa = XCBuildConfiguration;
			baseConfigurationReference = B8BFEE9C22A6D29200BC4EC5 /* Staging.xcconfig */;
			buildSettings = {
				ALWAYS_EMBED_SWIFT_STANDARD_LIBRARIES = YES;
				BUNDLE_LOADER = "$(TEST_HOST)";
				CODE_SIGN_STYLE = Automatic;
				DEVELOPMENT_TEAM = BZ5D9URT5U;
				FRAMEWORK_SEARCH_PATHS = (
					"$(inherited)",
					"$(PROJECT_DIR)/Carthage/Build/iOS",
				);
				INFOPLIST_FILE = "NearestRestaurantAppTests/Supporting Files/Info.plist";
				LD_RUNPATH_SEARCH_PATHS = (
					"$(inherited)",
					"@executable_path/Frameworks",
					"@loader_path/Frameworks",
				);
				PRODUCT_BUNDLE_IDENTIFIER = com.nanda.NearestRestaurantAppTests;
				PRODUCT_NAME = "$(TARGET_NAME)";
				SWIFT_VERSION = 5.0;
				TARGETED_DEVICE_FAMILY = "1,2";
				TEST_HOST = "$(BUILT_PRODUCTS_DIR)/NearestRestaurantApp.app/NearestRestaurantApp";
			};
			name = "Debug (STG)";
		};
		B8BFEE9122A6D23000BC4EC5 /* Debug (STG) */ = {
			isa = XCBuildConfiguration;
			baseConfigurationReference = B8BFEE9C22A6D29200BC4EC5 /* Staging.xcconfig */;
			buildSettings = {
				ALWAYS_EMBED_SWIFT_STANDARD_LIBRARIES = YES;
				CODE_SIGN_STYLE = Automatic;
				DEVELOPMENT_TEAM = BZ5D9URT5U;
				FRAMEWORK_SEARCH_PATHS = (
					"$(inherited)",
					"$(PROJECT_DIR)/Carthage/Build/iOS",
				);
				INFOPLIST_FILE = "NearestRestaurantAppUITests/Supporting Files/Info.plist";
				LD_RUNPATH_SEARCH_PATHS = (
					"$(inherited)",
					"@executable_path/Frameworks",
					"@loader_path/Frameworks",
				);
				PRODUCT_BUNDLE_IDENTIFIER = com.nanda.NearestRestaurantAppUITests;
				PRODUCT_NAME = "$(TARGET_NAME)";
				SWIFT_VERSION = 5.0;
				TARGETED_DEVICE_FAMILY = "1,2";
				TEST_TARGET_NAME = NearestRestaurantApp;
			};
			name = "Debug (STG)";
		};
		B8BFEE9222A6D23A00BC4EC5 /* Release (DEV) */ = {
			isa = XCBuildConfiguration;
			baseConfigurationReference = B8BFEE9B22A6D28400BC4EC5 /* Development.xcconfig */;
			buildSettings = {
				ALWAYS_SEARCH_USER_PATHS = NO;
				CLANG_ANALYZER_NONNULL = YES;
				CLANG_ANALYZER_NUMBER_OBJECT_CONVERSION = YES_AGGRESSIVE;
				CLANG_CXX_LANGUAGE_STANDARD = "gnu++14";
				CLANG_CXX_LIBRARY = "libc++";
				CLANG_ENABLE_MODULES = YES;
				CLANG_ENABLE_OBJC_ARC = YES;
				CLANG_ENABLE_OBJC_WEAK = YES;
				CLANG_WARN_BLOCK_CAPTURE_AUTORELEASING = YES;
				CLANG_WARN_BOOL_CONVERSION = YES;
				CLANG_WARN_COMMA = YES;
				CLANG_WARN_CONSTANT_CONVERSION = YES;
				CLANG_WARN_DEPRECATED_OBJC_IMPLEMENTATIONS = YES;
				CLANG_WARN_DIRECT_OBJC_ISA_USAGE = YES_ERROR;
				CLANG_WARN_DOCUMENTATION_COMMENTS = YES;
				CLANG_WARN_EMPTY_BODY = YES;
				CLANG_WARN_ENUM_CONVERSION = YES;
				CLANG_WARN_INFINITE_RECURSION = YES;
				CLANG_WARN_INT_CONVERSION = YES;
				CLANG_WARN_NON_LITERAL_NULL_CONVERSION = YES;
				CLANG_WARN_OBJC_IMPLICIT_RETAIN_SELF = YES;
				CLANG_WARN_OBJC_LITERAL_CONVERSION = YES;
				CLANG_WARN_OBJC_ROOT_CLASS = YES_ERROR;
				CLANG_WARN_RANGE_LOOP_ANALYSIS = YES;
				CLANG_WARN_STRICT_PROTOTYPES = YES;
				CLANG_WARN_SUSPICIOUS_MOVE = YES;
				CLANG_WARN_UNGUARDED_AVAILABILITY = YES_AGGRESSIVE;
				CLANG_WARN_UNREACHABLE_CODE = YES;
				CLANG_WARN__DUPLICATE_METHOD_MATCH = YES;
				CODE_SIGN_IDENTITY = "iPhone Developer";
				COPY_PHASE_STRIP = NO;
				DEBUG_INFORMATION_FORMAT = "dwarf-with-dsym";
				ENABLE_NS_ASSERTIONS = NO;
				ENABLE_STRICT_OBJC_MSGSEND = YES;
				GCC_C_LANGUAGE_STANDARD = gnu11;
				GCC_NO_COMMON_BLOCKS = YES;
				GCC_WARN_64_TO_32_BIT_CONVERSION = YES;
				GCC_WARN_ABOUT_RETURN_TYPE = YES_ERROR;
				GCC_WARN_UNDECLARED_SELECTOR = YES;
				GCC_WARN_UNINITIALIZED_AUTOS = YES_AGGRESSIVE;
				GCC_WARN_UNUSED_FUNCTION = YES;
				GCC_WARN_UNUSED_VARIABLE = YES;
				IPHONEOS_DEPLOYMENT_TARGET = 12.2;
				MTL_ENABLE_DEBUG_INFO = NO;
				MTL_FAST_MATH = YES;
				SDKROOT = iphoneos;
				SWIFT_COMPILATION_MODE = wholemodule;
				SWIFT_OPTIMIZATION_LEVEL = "-O";
				VALIDATE_PRODUCT = YES;
			};
			name = "Release (DEV)";
		};
		B8BFEE9322A6D23A00BC4EC5 /* Release (DEV) */ = {
			isa = XCBuildConfiguration;
			baseConfigurationReference = B8BFEE9B22A6D28400BC4EC5 /* Development.xcconfig */;
			buildSettings = {
				ASSETCATALOG_COMPILER_APPICON_NAME = AppIcon;
				CODE_SIGN_STYLE = Automatic;
				DEVELOPMENT_TEAM = BZ5D9URT5U;
				FRAMEWORK_SEARCH_PATHS = (
					"$(inherited)",
					"$(PROJECT_DIR)/Carthage/Build/iOS",
				);
				INFOPLIST_FILE = "$(SRCROOT)/NearestRestaurantApp/Supporting Files/Info.plist";
				LD_RUNPATH_SEARCH_PATHS = (
					"$(inherited)",
					"@executable_path/Frameworks",
				);
				PRODUCT_BUNDLE_IDENTIFIER = com.nanda.NearestRestaurantApp;
				PRODUCT_NAME = "$(TARGET_NAME)";
				SWIFT_VERSION = 5.0;
				TARGETED_DEVICE_FAMILY = 1;
			};
			name = "Release (DEV)";
		};
		B8BFEE9422A6D23A00BC4EC5 /* Release (DEV) */ = {
			isa = XCBuildConfiguration;
			baseConfigurationReference = B8BFEE9B22A6D28400BC4EC5 /* Development.xcconfig */;
			buildSettings = {
				ALWAYS_EMBED_SWIFT_STANDARD_LIBRARIES = YES;
				BUNDLE_LOADER = "$(TEST_HOST)";
				CODE_SIGN_STYLE = Automatic;
				DEVELOPMENT_TEAM = BZ5D9URT5U;
				FRAMEWORK_SEARCH_PATHS = (
					"$(inherited)",
					"$(PROJECT_DIR)/Carthage/Build/iOS",
				);
				INFOPLIST_FILE = "NearestRestaurantAppTests/Supporting Files/Info.plist";
				LD_RUNPATH_SEARCH_PATHS = (
					"$(inherited)",
					"@executable_path/Frameworks",
					"@loader_path/Frameworks",
				);
				PRODUCT_BUNDLE_IDENTIFIER = com.nanda.NearestRestaurantAppTests;
				PRODUCT_NAME = "$(TARGET_NAME)";
				SWIFT_VERSION = 5.0;
				TARGETED_DEVICE_FAMILY = "1,2";
				TEST_HOST = "$(BUILT_PRODUCTS_DIR)/NearestRestaurantApp.app/NearestRestaurantApp";
			};
			name = "Release (DEV)";
		};
		B8BFEE9522A6D23A00BC4EC5 /* Release (DEV) */ = {
			isa = XCBuildConfiguration;
			baseConfigurationReference = B8BFEE9B22A6D28400BC4EC5 /* Development.xcconfig */;
			buildSettings = {
				ALWAYS_EMBED_SWIFT_STANDARD_LIBRARIES = YES;
				CODE_SIGN_STYLE = Automatic;
				DEVELOPMENT_TEAM = BZ5D9URT5U;
				FRAMEWORK_SEARCH_PATHS = (
					"$(inherited)",
					"$(PROJECT_DIR)/Carthage/Build/iOS",
				);
				INFOPLIST_FILE = "NearestRestaurantAppUITests/Supporting Files/Info.plist";
				LD_RUNPATH_SEARCH_PATHS = (
					"$(inherited)",
					"@executable_path/Frameworks",
					"@loader_path/Frameworks",
				);
				PRODUCT_BUNDLE_IDENTIFIER = com.nanda.NearestRestaurantAppUITests;
				PRODUCT_NAME = "$(TARGET_NAME)";
				SWIFT_VERSION = 5.0;
				TARGETED_DEVICE_FAMILY = "1,2";
				TEST_TARGET_NAME = NearestRestaurantApp;
			};
			name = "Release (DEV)";
		};
		B8BFEE9622A6D24300BC4EC5 /* Release (STG) */ = {
			isa = XCBuildConfiguration;
			baseConfigurationReference = B8BFEE9C22A6D29200BC4EC5 /* Staging.xcconfig */;
			buildSettings = {
				ALWAYS_SEARCH_USER_PATHS = NO;
				CLANG_ANALYZER_NONNULL = YES;
				CLANG_ANALYZER_NUMBER_OBJECT_CONVERSION = YES_AGGRESSIVE;
				CLANG_CXX_LANGUAGE_STANDARD = "gnu++14";
				CLANG_CXX_LIBRARY = "libc++";
				CLANG_ENABLE_MODULES = YES;
				CLANG_ENABLE_OBJC_ARC = YES;
				CLANG_ENABLE_OBJC_WEAK = YES;
				CLANG_WARN_BLOCK_CAPTURE_AUTORELEASING = YES;
				CLANG_WARN_BOOL_CONVERSION = YES;
				CLANG_WARN_COMMA = YES;
				CLANG_WARN_CONSTANT_CONVERSION = YES;
				CLANG_WARN_DEPRECATED_OBJC_IMPLEMENTATIONS = YES;
				CLANG_WARN_DIRECT_OBJC_ISA_USAGE = YES_ERROR;
				CLANG_WARN_DOCUMENTATION_COMMENTS = YES;
				CLANG_WARN_EMPTY_BODY = YES;
				CLANG_WARN_ENUM_CONVERSION = YES;
				CLANG_WARN_INFINITE_RECURSION = YES;
				CLANG_WARN_INT_CONVERSION = YES;
				CLANG_WARN_NON_LITERAL_NULL_CONVERSION = YES;
				CLANG_WARN_OBJC_IMPLICIT_RETAIN_SELF = YES;
				CLANG_WARN_OBJC_LITERAL_CONVERSION = YES;
				CLANG_WARN_OBJC_ROOT_CLASS = YES_ERROR;
				CLANG_WARN_RANGE_LOOP_ANALYSIS = YES;
				CLANG_WARN_STRICT_PROTOTYPES = YES;
				CLANG_WARN_SUSPICIOUS_MOVE = YES;
				CLANG_WARN_UNGUARDED_AVAILABILITY = YES_AGGRESSIVE;
				CLANG_WARN_UNREACHABLE_CODE = YES;
				CLANG_WARN__DUPLICATE_METHOD_MATCH = YES;
				CODE_SIGN_IDENTITY = "iPhone Developer";
				COPY_PHASE_STRIP = NO;
				DEBUG_INFORMATION_FORMAT = "dwarf-with-dsym";
				ENABLE_NS_ASSERTIONS = NO;
				ENABLE_STRICT_OBJC_MSGSEND = YES;
				GCC_C_LANGUAGE_STANDARD = gnu11;
				GCC_NO_COMMON_BLOCKS = YES;
				GCC_WARN_64_TO_32_BIT_CONVERSION = YES;
				GCC_WARN_ABOUT_RETURN_TYPE = YES_ERROR;
				GCC_WARN_UNDECLARED_SELECTOR = YES;
				GCC_WARN_UNINITIALIZED_AUTOS = YES_AGGRESSIVE;
				GCC_WARN_UNUSED_FUNCTION = YES;
				GCC_WARN_UNUSED_VARIABLE = YES;
				IPHONEOS_DEPLOYMENT_TARGET = 12.2;
				MTL_ENABLE_DEBUG_INFO = NO;
				MTL_FAST_MATH = YES;
				SDKROOT = iphoneos;
				SWIFT_COMPILATION_MODE = wholemodule;
				SWIFT_OPTIMIZATION_LEVEL = "-O";
				VALIDATE_PRODUCT = YES;
			};
			name = "Release (STG)";
		};
		B8BFEE9722A6D24300BC4EC5 /* Release (STG) */ = {
			isa = XCBuildConfiguration;
			baseConfigurationReference = B8BFEE9C22A6D29200BC4EC5 /* Staging.xcconfig */;
			buildSettings = {
				ASSETCATALOG_COMPILER_APPICON_NAME = AppIcon;
				CODE_SIGN_STYLE = Automatic;
				DEVELOPMENT_TEAM = BZ5D9URT5U;
				FRAMEWORK_SEARCH_PATHS = (
					"$(inherited)",
					"$(PROJECT_DIR)/Carthage/Build/iOS",
				);
				INFOPLIST_FILE = "$(SRCROOT)/NearestRestaurantApp/Supporting Files/Info.plist";
				LD_RUNPATH_SEARCH_PATHS = (
					"$(inherited)",
					"@executable_path/Frameworks",
				);
				PRODUCT_BUNDLE_IDENTIFIER = com.nanda.NearestRestaurantApp;
				PRODUCT_NAME = "$(TARGET_NAME)";
				SWIFT_VERSION = 5.0;
				TARGETED_DEVICE_FAMILY = 1;
			};
			name = "Release (STG)";
		};
		B8BFEE9822A6D24300BC4EC5 /* Release (STG) */ = {
			isa = XCBuildConfiguration;
			baseConfigurationReference = B8BFEE9C22A6D29200BC4EC5 /* Staging.xcconfig */;
			buildSettings = {
				ALWAYS_EMBED_SWIFT_STANDARD_LIBRARIES = YES;
				BUNDLE_LOADER = "$(TEST_HOST)";
				CODE_SIGN_STYLE = Automatic;
				DEVELOPMENT_TEAM = BZ5D9URT5U;
				FRAMEWORK_SEARCH_PATHS = (
					"$(inherited)",
					"$(PROJECT_DIR)/Carthage/Build/iOS",
				);
				INFOPLIST_FILE = "NearestRestaurantAppTests/Supporting Files/Info.plist";
				LD_RUNPATH_SEARCH_PATHS = (
					"$(inherited)",
					"@executable_path/Frameworks",
					"@loader_path/Frameworks",
				);
				PRODUCT_BUNDLE_IDENTIFIER = com.nanda.NearestRestaurantAppTests;
				PRODUCT_NAME = "$(TARGET_NAME)";
				SWIFT_VERSION = 5.0;
				TARGETED_DEVICE_FAMILY = "1,2";
				TEST_HOST = "$(BUILT_PRODUCTS_DIR)/NearestRestaurantApp.app/NearestRestaurantApp";
			};
			name = "Release (STG)";
		};
		B8BFEE9922A6D24300BC4EC5 /* Release (STG) */ = {
			isa = XCBuildConfiguration;
			baseConfigurationReference = B8BFEE9C22A6D29200BC4EC5 /* Staging.xcconfig */;
			buildSettings = {
				ALWAYS_EMBED_SWIFT_STANDARD_LIBRARIES = YES;
				CODE_SIGN_STYLE = Automatic;
				DEVELOPMENT_TEAM = BZ5D9URT5U;
				FRAMEWORK_SEARCH_PATHS = (
					"$(inherited)",
					"$(PROJECT_DIR)/Carthage/Build/iOS",
				);
				INFOPLIST_FILE = "NearestRestaurantAppUITests/Supporting Files/Info.plist";
				LD_RUNPATH_SEARCH_PATHS = (
					"$(inherited)",
					"@executable_path/Frameworks",
					"@loader_path/Frameworks",
				);
				PRODUCT_BUNDLE_IDENTIFIER = com.nanda.NearestRestaurantAppUITests;
				PRODUCT_NAME = "$(TARGET_NAME)";
				SWIFT_VERSION = 5.0;
				TARGETED_DEVICE_FAMILY = "1,2";
				TEST_TARGET_NAME = NearestRestaurantApp;
			};
			name = "Release (STG)";
		};
/* End XCBuildConfiguration section */

/* Begin XCConfigurationList section */
		B8BFEE5122A6CDF500BC4EC5 /* Build configuration list for PBXProject "NearestRestaurantApp" */ = {
			isa = XCConfigurationList;
			buildConfigurations = (
				B8BFEE7C22A6CDF600BC4EC5 /* Debug */,
				B8BFEE8A22A6D22600BC4EC5 /* Debug (DEV) */,
				B8BFEE8E22A6D23000BC4EC5 /* Debug (STG) */,
				B8BFEE7D22A6CDF600BC4EC5 /* Release */,
				B8BFEE9222A6D23A00BC4EC5 /* Release (DEV) */,
				B8BFEE9622A6D24300BC4EC5 /* Release (STG) */,
			);
			defaultConfigurationIsVisible = 0;
			defaultConfigurationName = Release;
		};
		B8BFEE7E22A6CDF600BC4EC5 /* Build configuration list for PBXNativeTarget "NearestRestaurantApp" */ = {
			isa = XCConfigurationList;
			buildConfigurations = (
				B8BFEE7F22A6CDF600BC4EC5 /* Debug */,
				B8BFEE8B22A6D22600BC4EC5 /* Debug (DEV) */,
				B8BFEE8F22A6D23000BC4EC5 /* Debug (STG) */,
				B8BFEE8022A6CDF600BC4EC5 /* Release */,
				B8BFEE9322A6D23A00BC4EC5 /* Release (DEV) */,
				B8BFEE9722A6D24300BC4EC5 /* Release (STG) */,
			);
			defaultConfigurationIsVisible = 0;
			defaultConfigurationName = Release;
		};
		B8BFEE8122A6CDF600BC4EC5 /* Build configuration list for PBXNativeTarget "NearestRestaurantAppTests" */ = {
			isa = XCConfigurationList;
			buildConfigurations = (
				B8BFEE8222A6CDF600BC4EC5 /* Debug */,
				B8BFEE8C22A6D22600BC4EC5 /* Debug (DEV) */,
				B8BFEE9022A6D23000BC4EC5 /* Debug (STG) */,
				B8BFEE8322A6CDF600BC4EC5 /* Release */,
				B8BFEE9422A6D23A00BC4EC5 /* Release (DEV) */,
				B8BFEE9822A6D24300BC4EC5 /* Release (STG) */,
			);
			defaultConfigurationIsVisible = 0;
			defaultConfigurationName = Release;
		};
		B8BFEE8422A6CDF600BC4EC5 /* Build configuration list for PBXNativeTarget "NearestRestaurantAppUITests" */ = {
			isa = XCConfigurationList;
			buildConfigurations = (
				B8BFEE8522A6CDF600BC4EC5 /* Debug */,
				B8BFEE8D22A6D22600BC4EC5 /* Debug (DEV) */,
				B8BFEE9122A6D23000BC4EC5 /* Debug (STG) */,
				B8BFEE8622A6CDF600BC4EC5 /* Release */,
				B8BFEE9522A6D23A00BC4EC5 /* Release (DEV) */,
				B8BFEE9922A6D24300BC4EC5 /* Release (STG) */,
			);
			defaultConfigurationIsVisible = 0;
			defaultConfigurationName = Release;
		};
/* End XCConfigurationList section */
	};
	rootObject = B8BFEE4E22A6CDF500BC4EC5 /* Project object */;
}
